
Microsoft Visual Studio Solution File, Format Version 12.00
# Visual Studio 14
VisualStudioVersion = 14.0.23107.0
MinimumVisualStudioVersion = 10.0.40219.1
Project("{2150E333-8FDC-42A3-9474-1A3956D46DE8}") = "RZMCommon", "RZMCommon", "{24EFB4A2-C296-4896-A1D7-626388F94789}"
EndProject
Project("{FAE04EC0-301F-11D3-BF4B-00C04F79EFBC}") = "RZMCommon", "RZMCommon\RZMCommon.csproj", "{D55756CC-6CDE-4CD0-8AB6-7917524A5F6A}"
EndProject
Project("{FAE04EC0-301F-11D3-BF4B-00C04F79EFBC}") = "RZMDocumentOpreate", "RZMDocumentOpreate\RZMDocumentOpreate.csproj", "{A353D88B-26A6-4267-A1F2-A23092F14DCD}"
EndProject
Project("{FAE04EC0-301F-11D3-BF4B-00C04F79EFBC}") = "RZMEmailOpreate", "RZMEmailOpreate\RZMEmailOpreate.csproj", "{F093B1D0-9B84-43B1-9B93-D943DC9AD218}"
EndProject
Project("{FAE04EC0-301F-11D3-BF4B-00C04F79EFBC}") = "RZMFtpOpreate", "RZMFtpOpreate\RZMFtpOpreate.csproj", "{460F98AF-795B-4B4B-896B-BCEBBE2560DC}"
EndProject
Project("{FAE04EC0-301F-11D3-BF4B-00C04F79EFBC}") = "RZMImageOperate", "RZMImageOperate\RZMImageOperate.csproj", "{CF131017-38DB-4BC4-B079-265B48BF526F}"
EndProject
Project("{FAE04EC0-301F-11D3-BF4B-00C04F79EFBC}") = "RZMMapOperate", "RZMMapOperate\RZMMapOperate.csproj", "{D65A1B56-09D7-452B-BE5D-FBFC3A9CBCBD}"
EndProject
Project("{FAE04EC0-301F-11D3-BF4B-00C04F79EFBC}") = "RZMRequest", "RZMRequest\RZMRequest.csproj", "{677056CC-3A5F-42EB-A9AB-9B8BCA69866D}"
EndProject
Project("{FAE04EC0-301F-11D3-BF4B-00C04F79EFBC}") = "RZMSafetyOpreate", "RZMSafetyOpreate\RZMSafetyOpreate.csproj", "{A93EEAD3-814A-4774-9881-F4BC98CA57D6}"
EndProject
Project("{FAE04EC0-301F-11D3-BF4B-00C04F79EFBC}") = "RZMWPFCommonAction", "RZMWPFCommonAction\RZMWPFCommonAction.csproj", "{BB21EBF7-A267-4E90-B846-C5E0FD1F68C1}"
EndProject
Project("{FAE04EC0-301F-11D3-BF4B-00C04F79EFBC}") = "RZMXMLOperate", "RZMXMLOperate\RZMXMLOperate.csproj", "{840C1D5C-246C-4EEA-A52E-C7689CC85D9B}"
EndProject
Project("{2150E333-8FDC-42A3-9474-1A3956D46DE8}") = "CnotrolFor", "CnotrolFor", "{BFEDCA95-F34C-438E-B97E-582E26C34AA2}"
EndProject
Project("{FAE04EC0-301F-11D3-BF4B-00C04F79EFBC}") = "ControlFor", "..\..\..\controlfor\ControlForV1\ControlFor\ControlFor.csproj", "{F1944F74-5A8E-429A-81F3-E1708090F12B}"
EndProject
Project("{FAE04EC0-301F-11D3-BF4B-00C04F79EFBC}") = "ControlFor", "..\..\..\controlfor\ControlFor_V4.0\ControlFor\ControlFor.csproj", "{4CBE86DA-A327-4226-A61E-5FBAA0C5C6B1}"
EndProject
Project("{2150E333-8FDC-42A3-9474-1A3956D46DE8}") = "ControlFor4.0", "ControlFor4.0", "{AA18DB50-9666-45C7-8ABB-69A69755CB39}"
EndProject
Project("{6141683F-8A12-4E36-9623-2EB02B2C2303}") = "Setup3", "Setup3\Setup3.isproj", "{56C9308C-98B3-4E20-B182-C324CAE61B1C}"
EndProject
Project("{2150E333-8FDC-42A3-9474-1A3956D46DE8}") = "ControlFor4.1", "ControlFor4.1", "{0E20B843-73B2-4FF2-A568-A9FE15737EB6}"
EndProject
Project("{FAE04EC0-301F-11D3-BF4B-00C04F79EFBC}") = "ControlFor", "..\..\..\controlfor\ControlFor_V4.1\ControlFor\ControlFor.csproj", "{A9D96555-4305-4056-A8B1-FBF0D64A671B}"
EndProject
Project("{FAE04EC0-301F-11D3-BF4B-00C04F79EFBC}") = "WindowsFormsApplication5", "WindowsFormsApplication5\WindowsFormsApplication5.csproj", "{44ED1213-E945-45B9-8A28-8BC72E656ECD}"
EndProject
Project("{2150E333-8FDC-42A3-9474-1A3956D46DE8}") = "ControFor4.2", "ControFor4.2", "{89337C10-B357-40DF-BD56-99695440471A}"
EndProject
Project("{2150E333-8FDC-42A3-9474-1A3956D46DE8}") = "ControlFor5.0", "ControlFor5.0", "{9131E28D-ACE5-448F-A5B9-912A141E1287}"
EndProject
Project("{FAE04EC0-301F-11D3-BF4B-00C04F79EFBC}") = "ControlFor", "..\..\..\controlfor\ControlFor_V4.2\ControlFor\ControlFor.csproj", "{93B48914-A588-4096-9907-4EC60D371BC8}"
EndProject
Project("{2150E333-8FDC-42A3-9474-1A3956D46DE8}") = "web", "web", "{8942D958-1F2D-49F2-B41A-C159D587A14F}"
EndProject
Project("{FAE04EC0-301F-11D3-BF4B-00C04F79EFBC}") = "Patent evaluation", "Patent evaluation\Patent evaluation.csproj", "{1B2EF7AB-81B3-4563-A30A-593B145ECA04}"
EndProject
Project("{FAE04EC0-301F-11D3-BF4B-00C04F79EFBC}") = "WebApplication3", "WebApplication3\WebApplication3.csproj", "{9D8BD1AB-7DB1-4571-90A9-4F40A1ED8C45}"
EndProject
Project("{FAE04EC0-301F-11D3-BF4B-00C04F79EFBC}") = "ControlFor", "..\..\..\controlfor\ControlFor_V5.0\ControlFor\ControlFor.csproj", "{23CBDB7E-E5C1-4E41-A997-D32DDF78AABF}"
EndProject
Project("{2150E333-8FDC-42A3-9474-1A3956D46DE8}") = "NewFolder1", "NewFolder1", "{0001C7F8-9D07-4C5D-8798-ACDF3B579D97}"
EndProject
Project("{8BB2217D-0F2D-49D1-97BC-3654ED321F3B}") = "ConsoleApp1", "ConsoleApp1\ConsoleApp1.xproj", "{4F8B0386-267E-4174-80EC-0B2D0912AC14}"
EndProject
Global
	GlobalSection(SolutionConfigurationPlatforms) = preSolution
		CD_ROM|Any CPU = CD_ROM|Any CPU
		CD_ROM|x64 = CD_ROM|x64
		CD_ROM|x86 = CD_ROM|x86
		Debug|Any CPU = Debug|Any CPU
		Debug|x64 = Debug|x64
		Debug|x86 = Debug|x86
		DVD-5|Any CPU = DVD-5|Any CPU
		DVD-5|x64 = DVD-5|x64
		DVD-5|x86 = DVD-5|x86
		Profess|Any CPU = Profess|Any CPU
		Profess|x64 = Profess|x64
		Profess|x86 = Profess|x86
		Release|Any CPU = Release|Any CPU
		Release|x64 = Release|x64
		Release|x86 = Release|x86
		SingleImage|Any CPU = SingleImage|Any CPU
		SingleImage|x64 = SingleImage|x64
		SingleImage|x86 = SingleImage|x86
	EndGlobalSection
	GlobalSection(ProjectConfigurationPlatforms) = postSolution
		{D55756CC-6CDE-4CD0-8AB6-7917524A5F6A}.CD_ROM|Any CPU.ActiveCfg = Release|Any CPU
		{D55756CC-6CDE-4CD0-8AB6-7917524A5F6A}.CD_ROM|Any CPU.Build.0 = Release|Any CPU
		{D55756CC-6CDE-4CD0-8AB6-7917524A5F6A}.CD_ROM|x64.ActiveCfg = Release|x64
		{D55756CC-6CDE-4CD0-8AB6-7917524A5F6A}.CD_ROM|x64.Build.0 = Release|x64
		{D55756CC-6CDE-4CD0-8AB6-7917524A5F6A}.CD_ROM|x86.ActiveCfg = Release|x86
		{D55756CC-6CDE-4CD0-8AB6-7917524A5F6A}.CD_ROM|x86.Build.0 = Release|x86
		{D55756CC-6CDE-4CD0-8AB6-7917524A5F6A}.Debug|Any CPU.ActiveCfg = Debug|Any CPU
		{D55756CC-6CDE-4CD0-8AB6-7917524A5F6A}.Debug|Any CPU.Build.0 = Debug|Any CPU
		{D55756CC-6CDE-4CD0-8AB6-7917524A5F6A}.Debug|x64.ActiveCfg = Debug|x64
		{D55756CC-6CDE-4CD0-8AB6-7917524A5F6A}.Debug|x64.Build.0 = Debug|x64
		{D55756CC-6CDE-4CD0-8AB6-7917524A5F6A}.Debug|x86.ActiveCfg = Debug|x86
		{D55756CC-6CDE-4CD0-8AB6-7917524A5F6A}.Debug|x86.Build.0 = Debug|x86
		{D55756CC-6CDE-4CD0-8AB6-7917524A5F6A}.DVD-5|Any CPU.ActiveCfg = Debug|Any CPU
		{D55756CC-6CDE-4CD0-8AB6-7917524A5F6A}.DVD-5|Any CPU.Build.0 = Debug|Any CPU
		{D55756CC-6CDE-4CD0-8AB6-7917524A5F6A}.DVD-5|x64.ActiveCfg = Debug|x64
		{D55756CC-6CDE-4CD0-8AB6-7917524A5F6A}.DVD-5|x64.Build.0 = Debug|x64
		{D55756CC-6CDE-4CD0-8AB6-7917524A5F6A}.DVD-5|x86.ActiveCfg = Debug|x86
		{D55756CC-6CDE-4CD0-8AB6-7917524A5F6A}.DVD-5|x86.Build.0 = Debug|x86
		{D55756CC-6CDE-4CD0-8AB6-7917524A5F6A}.Profess|Any CPU.ActiveCfg = Release|Any CPU
		{D55756CC-6CDE-4CD0-8AB6-7917524A5F6A}.Profess|Any CPU.Build.0 = Release|Any CPU
		{D55756CC-6CDE-4CD0-8AB6-7917524A5F6A}.Profess|x64.ActiveCfg = Release|x64
		{D55756CC-6CDE-4CD0-8AB6-7917524A5F6A}.Profess|x64.Build.0 = Release|x64
		{D55756CC-6CDE-4CD0-8AB6-7917524A5F6A}.Profess|x86.ActiveCfg = Release|x86
		{D55756CC-6CDE-4CD0-8AB6-7917524A5F6A}.Profess|x86.Build.0 = Release|x86
		{D55756CC-6CDE-4CD0-8AB6-7917524A5F6A}.Release|Any CPU.ActiveCfg = Release|Any CPU
		{D55756CC-6CDE-4CD0-8AB6-7917524A5F6A}.Release|Any CPU.Build.0 = Release|Any CPU
		{D55756CC-6CDE-4CD0-8AB6-7917524A5F6A}.Release|x64.ActiveCfg = Release|x64
		{D55756CC-6CDE-4CD0-8AB6-7917524A5F6A}.Release|x64.Build.0 = Release|x64
		{D55756CC-6CDE-4CD0-8AB6-7917524A5F6A}.Release|x86.ActiveCfg = Release|Any CPU
		{D55756CC-6CDE-4CD0-8AB6-7917524A5F6A}.Release|x86.Build.0 = Release|Any CPU
		{D55756CC-6CDE-4CD0-8AB6-7917524A5F6A}.SingleImage|Any CPU.ActiveCfg = Release|Any CPU
		{D55756CC-6CDE-4CD0-8AB6-7917524A5F6A}.SingleImage|Any CPU.Build.0 = Release|Any CPU
		{D55756CC-6CDE-4CD0-8AB6-7917524A5F6A}.SingleImage|x64.ActiveCfg = Release|x64
		{D55756CC-6CDE-4CD0-8AB6-7917524A5F6A}.SingleImage|x64.Build.0 = Release|x64
		{D55756CC-6CDE-4CD0-8AB6-7917524A5F6A}.SingleImage|x86.ActiveCfg = Release|x86
		{D55756CC-6CDE-4CD0-8AB6-7917524A5F6A}.SingleImage|x86.Build.0 = Release|x86
		{A353D88B-26A6-4267-A1F2-A23092F14DCD}.CD_ROM|Any CPU.ActiveCfg = Release|Any CPU
		{A353D88B-26A6-4267-A1F2-A23092F14DCD}.CD_ROM|Any CPU.Build.0 = Release|Any CPU
		{A353D88B-26A6-4267-A1F2-A23092F14DCD}.CD_ROM|x64.ActiveCfg = Release|x64
		{A353D88B-26A6-4267-A1F2-A23092F14DCD}.CD_ROM|x64.Build.0 = Release|x64
		{A353D88B-26A6-4267-A1F2-A23092F14DCD}.CD_ROM|x86.ActiveCfg = Release|x86
		{A353D88B-26A6-4267-A1F2-A23092F14DCD}.CD_ROM|x86.Build.0 = Release|x86
		{A353D88B-26A6-4267-A1F2-A23092F14DCD}.Debug|Any CPU.ActiveCfg = Debug|Any CPU
		{A353D88B-26A6-4267-A1F2-A23092F14DCD}.Debug|Any CPU.Build.0 = Debug|Any CPU
		{A353D88B-26A6-4267-A1F2-A23092F14DCD}.Debug|x64.ActiveCfg = Debug|x64
		{A353D88B-26A6-4267-A1F2-A23092F14DCD}.Debug|x64.Build.0 = Debug|x64
		{A353D88B-26A6-4267-A1F2-A23092F14DCD}.Debug|x86.ActiveCfg = Debug|x86
		{A353D88B-26A6-4267-A1F2-A23092F14DCD}.Debug|x86.Build.0 = Debug|x86
		{A353D88B-26A6-4267-A1F2-A23092F14DCD}.DVD-5|Any CPU.ActiveCfg = Debug|Any CPU
		{A353D88B-26A6-4267-A1F2-A23092F14DCD}.DVD-5|Any CPU.Build.0 = Debug|Any CPU
		{A353D88B-26A6-4267-A1F2-A23092F14DCD}.DVD-5|x64.ActiveCfg = Debug|x64
		{A353D88B-26A6-4267-A1F2-A23092F14DCD}.DVD-5|x64.Build.0 = Debug|x64
		{A353D88B-26A6-4267-A1F2-A23092F14DCD}.DVD-5|x86.ActiveCfg = Debug|x86
		{A353D88B-26A6-4267-A1F2-A23092F14DCD}.DVD-5|x86.Build.0 = Debug|x86
		{A353D88B-26A6-4267-A1F2-A23092F14DCD}.Profess|Any CPU.ActiveCfg = Release|Any CPU
		{A353D88B-26A6-4267-A1F2-A23092F14DCD}.Profess|Any CPU.Build.0 = Release|Any CPU
		{A353D88B-26A6-4267-A1F2-A23092F14DCD}.Profess|x64.ActiveCfg = Release|x64
		{A353D88B-26A6-4267-A1F2-A23092F14DCD}.Profess|x64.Build.0 = Release|x64
		{A353D88B-26A6-4267-A1F2-A23092F14DCD}.Profess|x86.ActiveCfg = Release|x86
		{A353D88B-26A6-4267-A1F2-A23092F14DCD}.Profess|x86.Build.0 = Release|x86
		{A353D88B-26A6-4267-A1F2-A23092F14DCD}.Release|Any CPU.ActiveCfg = Release|Any CPU
		{A353D88B-26A6-4267-A1F2-A23092F14DCD}.Release|Any CPU.Build.0 = Release|Any CPU
		{A353D88B-26A6-4267-A1F2-A23092F14DCD}.Release|x64.ActiveCfg = Release|x64
		{A353D88B-26A6-4267-A1F2-A23092F14DCD}.Release|x64.Build.0 = Release|x64
		{A353D88B-26A6-4267-A1F2-A23092F14DCD}.Release|x86.ActiveCfg = Release|Any CPU
		{A353D88B-26A6-4267-A1F2-A23092F14DCD}.Release|x86.Build.0 = Release|Any CPU
		{A353D88B-26A6-4267-A1F2-A23092F14DCD}.SingleImage|Any CPU.ActiveCfg = Release|Any CPU
		{A353D88B-26A6-4267-A1F2-A23092F14DCD}.SingleImage|Any CPU.Build.0 = Release|Any CPU
		{A353D88B-26A6-4267-A1F2-A23092F14DCD}.SingleImage|x64.ActiveCfg = Release|x64
		{A353D88B-26A6-4267-A1F2-A23092F14DCD}.SingleImage|x64.Build.0 = Release|x64
		{A353D88B-26A6-4267-A1F2-A23092F14DCD}.SingleImage|x86.ActiveCfg = Release|x86
		{A353D88B-26A6-4267-A1F2-A23092F14DCD}.SingleImage|x86.Build.0 = Release|x86
		{F093B1D0-9B84-43B1-9B93-D943DC9AD218}.CD_ROM|Any CPU.ActiveCfg = Release|Any CPU
		{F093B1D0-9B84-43B1-9B93-D943DC9AD218}.CD_ROM|Any CPU.Build.0 = Release|Any CPU
		{F093B1D0-9B84-43B1-9B93-D943DC9AD218}.CD_ROM|x64.ActiveCfg = Release|x64
		{F093B1D0-9B84-43B1-9B93-D943DC9AD218}.CD_ROM|x64.Build.0 = Release|x64
		{F093B1D0-9B84-43B1-9B93-D943DC9AD218}.CD_ROM|x86.ActiveCfg = Release|x86
		{F093B1D0-9B84-43B1-9B93-D943DC9AD218}.CD_ROM|x86.Build.0 = Release|x86
		{F093B1D0-9B84-43B1-9B93-D943DC9AD218}.Debug|Any CPU.ActiveCfg = Debug|Any CPU
		{F093B1D0-9B84-43B1-9B93-D943DC9AD218}.Debug|Any CPU.Build.0 = Debug|Any CPU
		{F093B1D0-9B84-43B1-9B93-D943DC9AD218}.Debug|x64.ActiveCfg = Debug|x64
		{F093B1D0-9B84-43B1-9B93-D943DC9AD218}.Debug|x64.Build.0 = Debug|x64
		{F093B1D0-9B84-43B1-9B93-D943DC9AD218}.Debug|x86.ActiveCfg = Debug|x86
		{F093B1D0-9B84-43B1-9B93-D943DC9AD218}.Debug|x86.Build.0 = Debug|x86
		{F093B1D0-9B84-43B1-9B93-D943DC9AD218}.DVD-5|Any CPU.ActiveCfg = Debug|Any CPU
		{F093B1D0-9B84-43B1-9B93-D943DC9AD218}.DVD-5|Any CPU.Build.0 = Debug|Any CPU
		{F093B1D0-9B84-43B1-9B93-D943DC9AD218}.DVD-5|x64.ActiveCfg = Debug|x64
		{F093B1D0-9B84-43B1-9B93-D943DC9AD218}.DVD-5|x64.Build.0 = Debug|x64
		{F093B1D0-9B84-43B1-9B93-D943DC9AD218}.DVD-5|x86.ActiveCfg = Debug|x86
		{F093B1D0-9B84-43B1-9B93-D943DC9AD218}.DVD-5|x86.Build.0 = Debug|x86
		{F093B1D0-9B84-43B1-9B93-D943DC9AD218}.Profess|Any CPU.ActiveCfg = Release|Any CPU
		{F093B1D0-9B84-43B1-9B93-D943DC9AD218}.Profess|Any CPU.Build.0 = Release|Any CPU
		{F093B1D0-9B84-43B1-9B93-D943DC9AD218}.Profess|x64.ActiveCfg = Release|x64
		{F093B1D0-9B84-43B1-9B93-D943DC9AD218}.Profess|x64.Build.0 = Release|x64
		{F093B1D0-9B84-43B1-9B93-D943DC9AD218}.Profess|x86.ActiveCfg = Release|x86
		{F093B1D0-9B84-43B1-9B93-D943DC9AD218}.Profess|x86.Build.0 = Release|x86
		{F093B1D0-9B84-43B1-9B93-D943DC9AD218}.Release|Any CPU.ActiveCfg = Release|Any CPU
		{F093B1D0-9B84-43B1-9B93-D943DC9AD218}.Release|Any CPU.Build.0 = Release|Any CPU
		{F093B1D0-9B84-43B1-9B93-D943DC9AD218}.Release|x64.ActiveCfg = Release|x64
		{F093B1D0-9B84-43B1-9B93-D943DC9AD218}.Release|x64.Build.0 = Release|x64
		{F093B1D0-9B84-43B1-9B93-D943DC9AD218}.Release|x86.ActiveCfg = Release|Any CPU
		{F093B1D0-9B84-43B1-9B93-D943DC9AD218}.Release|x86.Build.0 = Release|Any CPU
		{F093B1D0-9B84-43B1-9B93-D943DC9AD218}.SingleImage|Any CPU.ActiveCfg = Release|Any CPU
		{F093B1D0-9B84-43B1-9B93-D943DC9AD218}.SingleImage|Any CPU.Build.0 = Release|Any CPU
		{F093B1D0-9B84-43B1-9B93-D943DC9AD218}.SingleImage|x64.ActiveCfg = Release|x64
		{F093B1D0-9B84-43B1-9B93-D943DC9AD218}.SingleImage|x64.Build.0 = Release|x64
		{F093B1D0-9B84-43B1-9B93-D943DC9AD218}.SingleImage|x86.ActiveCfg = Release|x86
		{F093B1D0-9B84-43B1-9B93-D943DC9AD218}.SingleImage|x86.Build.0 = Release|x86
		{460F98AF-795B-4B4B-896B-BCEBBE2560DC}.CD_ROM|Any CPU.ActiveCfg = Release|Any CPU
		{460F98AF-795B-4B4B-896B-BCEBBE2560DC}.CD_ROM|Any CPU.Build.0 = Release|Any CPU
		{460F98AF-795B-4B4B-896B-BCEBBE2560DC}.CD_ROM|x64.ActiveCfg = Release|x64
		{460F98AF-795B-4B4B-896B-BCEBBE2560DC}.CD_ROM|x64.Build.0 = Release|x64
		{460F98AF-795B-4B4B-896B-BCEBBE2560DC}.CD_ROM|x86.ActiveCfg = Release|x86
		{460F98AF-795B-4B4B-896B-BCEBBE2560DC}.CD_ROM|x86.Build.0 = Release|x86
		{460F98AF-795B-4B4B-896B-BCEBBE2560DC}.Debug|Any CPU.ActiveCfg = Debug|Any CPU
		{460F98AF-795B-4B4B-896B-BCEBBE2560DC}.Debug|Any CPU.Build.0 = Debug|Any CPU
		{460F98AF-795B-4B4B-896B-BCEBBE2560DC}.Debug|x64.ActiveCfg = Debug|x64
		{460F98AF-795B-4B4B-896B-BCEBBE2560DC}.Debug|x64.Build.0 = Debug|x64
		{460F98AF-795B-4B4B-896B-BCEBBE2560DC}.Debug|x86.ActiveCfg = Debug|x86
		{460F98AF-795B-4B4B-896B-BCEBBE2560DC}.Debug|x86.Build.0 = Debug|x86
		{460F98AF-795B-4B4B-896B-BCEBBE2560DC}.DVD-5|Any CPU.ActiveCfg = Debug|Any CPU
		{460F98AF-795B-4B4B-896B-BCEBBE2560DC}.DVD-5|Any CPU.Build.0 = Debug|Any CPU
		{460F98AF-795B-4B4B-896B-BCEBBE2560DC}.DVD-5|x64.ActiveCfg = Debug|x64
		{460F98AF-795B-4B4B-896B-BCEBBE2560DC}.DVD-5|x64.Build.0 = Debug|x64
		{460F98AF-795B-4B4B-896B-BCEBBE2560DC}.DVD-5|x86.ActiveCfg = Debug|x86
		{460F98AF-795B-4B4B-896B-BCEBBE2560DC}.DVD-5|x86.Build.0 = Debug|x86
		{460F98AF-795B-4B4B-896B-BCEBBE2560DC}.Profess|Any CPU.ActiveCfg = Release|Any CPU
		{460F98AF-795B-4B4B-896B-BCEBBE2560DC}.Profess|Any CPU.Build.0 = Release|Any CPU
		{460F98AF-795B-4B4B-896B-BCEBBE2560DC}.Profess|x64.ActiveCfg = Release|x64
		{460F98AF-795B-4B4B-896B-BCEBBE2560DC}.Profess|x64.Build.0 = Release|x64
		{460F98AF-795B-4B4B-896B-BCEBBE2560DC}.Profess|x86.ActiveCfg = Release|x86
		{460F98AF-795B-4B4B-896B-BCEBBE2560DC}.Profess|x86.Build.0 = Release|x86
		{460F98AF-795B-4B4B-896B-BCEBBE2560DC}.Release|Any CPU.ActiveCfg = Release|Any CPU
		{460F98AF-795B-4B4B-896B-BCEBBE2560DC}.Release|Any CPU.Build.0 = Release|Any CPU
		{460F98AF-795B-4B4B-896B-BCEBBE2560DC}.Release|x64.ActiveCfg = Release|x64
		{460F98AF-795B-4B4B-896B-BCEBBE2560DC}.Release|x64.Build.0 = Release|x64
		{460F98AF-795B-4B4B-896B-BCEBBE2560DC}.Release|x86.ActiveCfg = Release|Any CPU
		{460F98AF-795B-4B4B-896B-BCEBBE2560DC}.Release|x86.Build.0 = Release|Any CPU
		{460F98AF-795B-4B4B-896B-BCEBBE2560DC}.SingleImage|Any CPU.ActiveCfg = Release|Any CPU
		{460F98AF-795B-4B4B-896B-BCEBBE2560DC}.SingleImage|Any CPU.Build.0 = Release|Any CPU
		{460F98AF-795B-4B4B-896B-BCEBBE2560DC}.SingleImage|x64.ActiveCfg = Release|x64
		{460F98AF-795B-4B4B-896B-BCEBBE2560DC}.SingleImage|x64.Build.0 = Release|x64
		{460F98AF-795B-4B4B-896B-BCEBBE2560DC}.SingleImage|x86.ActiveCfg = Release|x86
		{460F98AF-795B-4B4B-896B-BCEBBE2560DC}.SingleImage|x86.Build.0 = Release|x86
		{CF131017-38DB-4BC4-B079-265B48BF526F}.CD_ROM|Any CPU.ActiveCfg = Release|Any CPU
		{CF131017-38DB-4BC4-B079-265B48BF526F}.CD_ROM|Any CPU.Build.0 = Release|Any CPU
		{CF131017-38DB-4BC4-B079-265B48BF526F}.CD_ROM|x64.ActiveCfg = Release|x64
		{CF131017-38DB-4BC4-B079-265B48BF526F}.CD_ROM|x64.Build.0 = Release|x64
		{CF131017-38DB-4BC4-B079-265B48BF526F}.CD_ROM|x86.ActiveCfg = Release|x86
		{CF131017-38DB-4BC4-B079-265B48BF526F}.CD_ROM|x86.Build.0 = Release|x86
		{CF131017-38DB-4BC4-B079-265B48BF526F}.Debug|Any CPU.ActiveCfg = Debug|Any CPU
		{CF131017-38DB-4BC4-B079-265B48BF526F}.Debug|Any CPU.Build.0 = Debug|Any CPU
		{CF131017-38DB-4BC4-B079-265B48BF526F}.Debug|x64.ActiveCfg = Debug|x64
		{CF131017-38DB-4BC4-B079-265B48BF526F}.Debug|x64.Build.0 = Debug|x64
		{CF131017-38DB-4BC4-B079-265B48BF526F}.Debug|x86.ActiveCfg = Debug|x86
		{CF131017-38DB-4BC4-B079-265B48BF526F}.Debug|x86.Build.0 = Debug|x86
		{CF131017-38DB-4BC4-B079-265B48BF526F}.DVD-5|Any CPU.ActiveCfg = Debug|Any CPU
		{CF131017-38DB-4BC4-B079-265B48BF526F}.DVD-5|Any CPU.Build.0 = Debug|Any CPU
		{CF131017-38DB-4BC4-B079-265B48BF526F}.DVD-5|x64.ActiveCfg = Debug|x64
		{CF131017-38DB-4BC4-B079-265B48BF526F}.DVD-5|x64.Build.0 = Debug|x64
		{CF131017-38DB-4BC4-B079-265B48BF526F}.DVD-5|x86.ActiveCfg = Debug|x86
		{CF131017-38DB-4BC4-B079-265B48BF526F}.DVD-5|x86.Build.0 = Debug|x86
		{CF131017-38DB-4BC4-B079-265B48BF526F}.Profess|Any CPU.ActiveCfg = Release|Any CPU
		{CF131017-38DB-4BC4-B079-265B48BF526F}.Profess|Any CPU.Build.0 = Release|Any CPU
		{CF131017-38DB-4BC4-B079-265B48BF526F}.Profess|x64.ActiveCfg = Release|x64
		{CF131017-38DB-4BC4-B079-265B48BF526F}.Profess|x64.Build.0 = Release|x64
		{CF131017-38DB-4BC4-B079-265B48BF526F}.Profess|x86.ActiveCfg = Release|x86
		{CF131017-38DB-4BC4-B079-265B48BF526F}.Profess|x86.Build.0 = Release|x86
		{CF131017-38DB-4BC4-B079-265B48BF526F}.Release|Any CPU.ActiveCfg = Release|Any CPU
		{CF131017-38DB-4BC4-B079-265B48BF526F}.Release|Any CPU.Build.0 = Release|Any CPU
		{CF131017-38DB-4BC4-B079-265B48BF526F}.Release|x64.ActiveCfg = Release|x64
		{CF131017-38DB-4BC4-B079-265B48BF526F}.Release|x64.Build.0 = Release|x64
		{CF131017-38DB-4BC4-B079-265B48BF526F}.Release|x86.ActiveCfg = Release|Any CPU
		{CF131017-38DB-4BC4-B079-265B48BF526F}.Release|x86.Build.0 = Release|Any CPU
		{CF131017-38DB-4BC4-B079-265B48BF526F}.SingleImage|Any CPU.ActiveCfg = Release|Any CPU
		{CF131017-38DB-4BC4-B079-265B48BF526F}.SingleImage|Any CPU.Build.0 = Release|Any CPU
		{CF131017-38DB-4BC4-B079-265B48BF526F}.SingleImage|x64.ActiveCfg = Release|x64
		{CF131017-38DB-4BC4-B079-265B48BF526F}.SingleImage|x64.Build.0 = Release|x64
		{CF131017-38DB-4BC4-B079-265B48BF526F}.SingleImage|x86.ActiveCfg = Release|x86
		{CF131017-38DB-4BC4-B079-265B48BF526F}.SingleImage|x86.Build.0 = Release|x86
		{D65A1B56-09D7-452B-BE5D-FBFC3A9CBCBD}.CD_ROM|Any CPU.ActiveCfg = Release|Any CPU
		{D65A1B56-09D7-452B-BE5D-FBFC3A9CBCBD}.CD_ROM|Any CPU.Build.0 = Release|Any CPU
		{D65A1B56-09D7-452B-BE5D-FBFC3A9CBCBD}.CD_ROM|x64.ActiveCfg = Release|x64
		{D65A1B56-09D7-452B-BE5D-FBFC3A9CBCBD}.CD_ROM|x64.Build.0 = Release|x64
		{D65A1B56-09D7-452B-BE5D-FBFC3A9CBCBD}.CD_ROM|x86.ActiveCfg = Release|x86
		{D65A1B56-09D7-452B-BE5D-FBFC3A9CBCBD}.CD_ROM|x86.Build.0 = Release|x86
		{D65A1B56-09D7-452B-BE5D-FBFC3A9CBCBD}.Debug|Any CPU.ActiveCfg = Debug|Any CPU
		{D65A1B56-09D7-452B-BE5D-FBFC3A9CBCBD}.Debug|Any CPU.Build.0 = Debug|Any CPU
		{D65A1B56-09D7-452B-BE5D-FBFC3A9CBCBD}.Debug|x64.ActiveCfg = Debug|x64
		{D65A1B56-09D7-452B-BE5D-FBFC3A9CBCBD}.Debug|x64.Build.0 = Debug|x64
		{D65A1B56-09D7-452B-BE5D-FBFC3A9CBCBD}.Debug|x86.ActiveCfg = Debug|x86
		{D65A1B56-09D7-452B-BE5D-FBFC3A9CBCBD}.Debug|x86.Build.0 = Debug|x86
		{D65A1B56-09D7-452B-BE5D-FBFC3A9CBCBD}.DVD-5|Any CPU.ActiveCfg = Debug|Any CPU
		{D65A1B56-09D7-452B-BE5D-FBFC3A9CBCBD}.DVD-5|Any CPU.Build.0 = Debug|Any CPU
		{D65A1B56-09D7-452B-BE5D-FBFC3A9CBCBD}.DVD-5|x64.ActiveCfg = Debug|x64
		{D65A1B56-09D7-452B-BE5D-FBFC3A9CBCBD}.DVD-5|x64.Build.0 = Debug|x64
		{D65A1B56-09D7-452B-BE5D-FBFC3A9CBCBD}.DVD-5|x86.ActiveCfg = Debug|x86
		{D65A1B56-09D7-452B-BE5D-FBFC3A9CBCBD}.DVD-5|x86.Build.0 = Debug|x86
		{D65A1B56-09D7-452B-BE5D-FBFC3A9CBCBD}.Profess|Any CPU.ActiveCfg = Release|Any CPU
		{D65A1B56-09D7-452B-BE5D-FBFC3A9CBCBD}.Profess|Any CPU.Build.0 = Release|Any CPU
		{D65A1B56-09D7-452B-BE5D-FBFC3A9CBCBD}.Profess|x64.ActiveCfg = Release|x64
		{D65A1B56-09D7-452B-BE5D-FBFC3A9CBCBD}.Profess|x64.Build.0 = Release|x64
		{D65A1B56-09D7-452B-BE5D-FBFC3A9CBCBD}.Profess|x86.ActiveCfg = Release|x86
		{D65A1B56-09D7-452B-BE5D-FBFC3A9CBCBD}.Profess|x86.Build.0 = Release|x86
		{D65A1B56-09D7-452B-BE5D-FBFC3A9CBCBD}.Release|Any CPU.ActiveCfg = Release|Any CPU
		{D65A1B56-09D7-452B-BE5D-FBFC3A9CBCBD}.Release|Any CPU.Build.0 = Release|Any CPU
		{D65A1B56-09D7-452B-BE5D-FBFC3A9CBCBD}.Release|x64.ActiveCfg = Release|x64
		{D65A1B56-09D7-452B-BE5D-FBFC3A9CBCBD}.Release|x64.Build.0 = Release|x64
		{D65A1B56-09D7-452B-BE5D-FBFC3A9CBCBD}.Release|x86.ActiveCfg = Release|Any CPU
		{D65A1B56-09D7-452B-BE5D-FBFC3A9CBCBD}.Release|x86.Build.0 = Release|Any CPU
		{D65A1B56-09D7-452B-BE5D-FBFC3A9CBCBD}.SingleImage|Any CPU.ActiveCfg = Release|Any CPU
		{D65A1B56-09D7-452B-BE5D-FBFC3A9CBCBD}.SingleImage|Any CPU.Build.0 = Release|Any CPU
		{D65A1B56-09D7-452B-BE5D-FBFC3A9CBCBD}.SingleImage|x64.ActiveCfg = Release|x64
		{D65A1B56-09D7-452B-BE5D-FBFC3A9CBCBD}.SingleImage|x64.Build.0 = Release|x64
		{D65A1B56-09D7-452B-BE5D-FBFC3A9CBCBD}.SingleImage|x86.ActiveCfg = Release|x86
		{D65A1B56-09D7-452B-BE5D-FBFC3A9CBCBD}.SingleImage|x86.Build.0 = Release|x86
		{677056CC-3A5F-42EB-A9AB-9B8BCA69866D}.CD_ROM|Any CPU.ActiveCfg = Release|Any CPU
		{677056CC-3A5F-42EB-A9AB-9B8BCA69866D}.CD_ROM|Any CPU.Build.0 = Release|Any CPU
		{677056CC-3A5F-42EB-A9AB-9B8BCA69866D}.CD_ROM|x64.ActiveCfg = Release|x64
		{677056CC-3A5F-42EB-A9AB-9B8BCA69866D}.CD_ROM|x64.Build.0 = Release|x64
		{677056CC-3A5F-42EB-A9AB-9B8BCA69866D}.CD_ROM|x86.ActiveCfg = Release|x86
		{677056CC-3A5F-42EB-A9AB-9B8BCA69866D}.CD_ROM|x86.Build.0 = Release|x86
		{677056CC-3A5F-42EB-A9AB-9B8BCA69866D}.Debug|Any CPU.ActiveCfg = Debug|Any CPU
		{677056CC-3A5F-42EB-A9AB-9B8BCA69866D}.Debug|Any CPU.Build.0 = Debug|Any CPU
		{677056CC-3A5F-42EB-A9AB-9B8BCA69866D}.Debug|x64.ActiveCfg = Debug|x64
		{677056CC-3A5F-42EB-A9AB-9B8BCA69866D}.Debug|x64.Build.0 = Debug|x64
		{677056CC-3A5F-42EB-A9AB-9B8BCA69866D}.Debug|x86.ActiveCfg = Debug|x86
		{677056CC-3A5F-42EB-A9AB-9B8BCA69866D}.Debug|x86.Build.0 = Debug|x86
		{677056CC-3A5F-42EB-A9AB-9B8BCA69866D}.DVD-5|Any CPU.ActiveCfg = Debug|Any CPU
		{677056CC-3A5F-42EB-A9AB-9B8BCA69866D}.DVD-5|Any CPU.Build.0 = Debug|Any CPU
		{677056CC-3A5F-42EB-A9AB-9B8BCA69866D}.DVD-5|x64.ActiveCfg = Debug|x64
		{677056CC-3A5F-42EB-A9AB-9B8BCA69866D}.DVD-5|x64.Build.0 = Debug|x64
		{677056CC-3A5F-42EB-A9AB-9B8BCA69866D}.DVD-5|x86.ActiveCfg = Debug|x86
		{677056CC-3A5F-42EB-A9AB-9B8BCA69866D}.DVD-5|x86.Build.0 = Debug|x86
		{677056CC-3A5F-42EB-A9AB-9B8BCA69866D}.Profess|Any CPU.ActiveCfg = Release|Any CPU
		{677056CC-3A5F-42EB-A9AB-9B8BCA69866D}.Profess|Any CPU.Build.0 = Release|Any CPU
		{677056CC-3A5F-42EB-A9AB-9B8BCA69866D}.Profess|x64.ActiveCfg = Release|x64
		{677056CC-3A5F-42EB-A9AB-9B8BCA69866D}.Profess|x64.Build.0 = Release|x64
		{677056CC-3A5F-42EB-A9AB-9B8BCA69866D}.Profess|x86.ActiveCfg = Release|x86
		{677056CC-3A5F-42EB-A9AB-9B8BCA69866D}.Profess|x86.Build.0 = Release|x86
		{677056CC-3A5F-42EB-A9AB-9B8BCA69866D}.Release|Any CPU.ActiveCfg = Release|Any CPU
		{677056CC-3A5F-42EB-A9AB-9B8BCA69866D}.Release|Any CPU.Build.0 = Release|Any CPU
		{677056CC-3A5F-42EB-A9AB-9B8BCA69866D}.Release|x64.ActiveCfg = Release|x64
		{677056CC-3A5F-42EB-A9AB-9B8BCA69866D}.Release|x64.Build.0 = Release|x64
		{677056CC-3A5F-42EB-A9AB-9B8BCA69866D}.Release|x86.ActiveCfg = Release|Any CPU
		{677056CC-3A5F-42EB-A9AB-9B8BCA69866D}.Release|x86.Build.0 = Release|Any CPU
		{677056CC-3A5F-42EB-A9AB-9B8BCA69866D}.SingleImage|Any CPU.ActiveCfg = Release|Any CPU
		{677056CC-3A5F-42EB-A9AB-9B8BCA69866D}.SingleImage|Any CPU.Build.0 = Release|Any CPU
		{677056CC-3A5F-42EB-A9AB-9B8BCA69866D}.SingleImage|x64.ActiveCfg = Release|x64
		{677056CC-3A5F-42EB-A9AB-9B8BCA69866D}.SingleImage|x64.Build.0 = Release|x64
		{677056CC-3A5F-42EB-A9AB-9B8BCA69866D}.SingleImage|x86.ActiveCfg = Release|x86
		{677056CC-3A5F-42EB-A9AB-9B8BCA69866D}.SingleImage|x86.Build.0 = Release|x86
		{A93EEAD3-814A-4774-9881-F4BC98CA57D6}.CD_ROM|Any CPU.ActiveCfg = Release|Any CPU
		{A93EEAD3-814A-4774-9881-F4BC98CA57D6}.CD_ROM|Any CPU.Build.0 = Release|Any CPU
		{A93EEAD3-814A-4774-9881-F4BC98CA57D6}.CD_ROM|x64.ActiveCfg = Release|x64
		{A93EEAD3-814A-4774-9881-F4BC98CA57D6}.CD_ROM|x64.Build.0 = Release|x64
		{A93EEAD3-814A-4774-9881-F4BC98CA57D6}.CD_ROM|x86.ActiveCfg = Release|x86
		{A93EEAD3-814A-4774-9881-F4BC98CA57D6}.CD_ROM|x86.Build.0 = Release|x86
		{A93EEAD3-814A-4774-9881-F4BC98CA57D6}.Debug|Any CPU.ActiveCfg = Debug|Any CPU
		{A93EEAD3-814A-4774-9881-F4BC98CA57D6}.Debug|Any CPU.Build.0 = Debug|Any CPU
		{A93EEAD3-814A-4774-9881-F4BC98CA57D6}.Debug|x64.ActiveCfg = Debug|x64
		{A93EEAD3-814A-4774-9881-F4BC98CA57D6}.Debug|x64.Build.0 = Debug|x64
		{A93EEAD3-814A-4774-9881-F4BC98CA57D6}.Debug|x86.ActiveCfg = Debug|x86
		{A93EEAD3-814A-4774-9881-F4BC98CA57D6}.Debug|x86.Build.0 = Debug|x86
		{A93EEAD3-814A-4774-9881-F4BC98CA57D6}.DVD-5|Any CPU.ActiveCfg = Debug|Any CPU
		{A93EEAD3-814A-4774-9881-F4BC98CA57D6}.DVD-5|Any CPU.Build.0 = Debug|Any CPU
		{A93EEAD3-814A-4774-9881-F4BC98CA57D6}.DVD-5|x64.ActiveCfg = Debug|x64
		{A93EEAD3-814A-4774-9881-F4BC98CA57D6}.DVD-5|x64.Build.0 = Debug|x64
		{A93EEAD3-814A-4774-9881-F4BC98CA57D6}.DVD-5|x86.ActiveCfg = Debug|x86
		{A93EEAD3-814A-4774-9881-F4BC98CA57D6}.DVD-5|x86.Build.0 = Debug|x86
		{A93EEAD3-814A-4774-9881-F4BC98CA57D6}.Profess|Any CPU.ActiveCfg = Release|Any CPU
		{A93EEAD3-814A-4774-9881-F4BC98CA57D6}.Profess|Any CPU.Build.0 = Release|Any CPU
		{A93EEAD3-814A-4774-9881-F4BC98CA57D6}.Profess|x64.ActiveCfg = Release|x64
		{A93EEAD3-814A-4774-9881-F4BC98CA57D6}.Profess|x64.Build.0 = Release|x64
		{A93EEAD3-814A-4774-9881-F4BC98CA57D6}.Profess|x86.ActiveCfg = Release|x86
		{A93EEAD3-814A-4774-9881-F4BC98CA57D6}.Profess|x86.Build.0 = Release|x86
		{A93EEAD3-814A-4774-9881-F4BC98CA57D6}.Release|Any CPU.ActiveCfg = Release|Any CPU
		{A93EEAD3-814A-4774-9881-F4BC98CA57D6}.Release|Any CPU.Build.0 = Release|Any CPU
		{A93EEAD3-814A-4774-9881-F4BC98CA57D6}.Release|x64.ActiveCfg = Release|x64
		{A93EEAD3-814A-4774-9881-F4BC98CA57D6}.Release|x64.Build.0 = Release|x64
		{A93EEAD3-814A-4774-9881-F4BC98CA57D6}.Release|x86.ActiveCfg = Release|Any CPU
		{A93EEAD3-814A-4774-9881-F4BC98CA57D6}.Release|x86.Build.0 = Release|Any CPU
		{A93EEAD3-814A-4774-9881-F4BC98CA57D6}.SingleImage|Any CPU.ActiveCfg = Release|Any CPU
		{A93EEAD3-814A-4774-9881-F4BC98CA57D6}.SingleImage|Any CPU.Build.0 = Release|Any CPU
		{A93EEAD3-814A-4774-9881-F4BC98CA57D6}.SingleImage|x64.ActiveCfg = Release|x64
		{A93EEAD3-814A-4774-9881-F4BC98CA57D6}.SingleImage|x64.Build.0 = Release|x64
		{A93EEAD3-814A-4774-9881-F4BC98CA57D6}.SingleImage|x86.ActiveCfg = Release|x86
		{A93EEAD3-814A-4774-9881-F4BC98CA57D6}.SingleImage|x86.Build.0 = Release|x86
		{BB21EBF7-A267-4E90-B846-C5E0FD1F68C1}.CD_ROM|Any CPU.ActiveCfg = Release|Any CPU
		{BB21EBF7-A267-4E90-B846-C5E0FD1F68C1}.CD_ROM|Any CPU.Build.0 = Release|Any CPU
		{BB21EBF7-A267-4E90-B846-C5E0FD1F68C1}.CD_ROM|x64.ActiveCfg = Release|Any CPU
		{BB21EBF7-A267-4E90-B846-C5E0FD1F68C1}.CD_ROM|x64.Build.0 = Release|Any CPU
		{BB21EBF7-A267-4E90-B846-C5E0FD1F68C1}.CD_ROM|x86.ActiveCfg = Release|Any CPU
		{BB21EBF7-A267-4E90-B846-C5E0FD1F68C1}.CD_ROM|x86.Build.0 = Release|Any CPU
		{BB21EBF7-A267-4E90-B846-C5E0FD1F68C1}.Debug|Any CPU.ActiveCfg = Debug|Any CPU
		{BB21EBF7-A267-4E90-B846-C5E0FD1F68C1}.Debug|Any CPU.Build.0 = Debug|Any CPU
		{BB21EBF7-A267-4E90-B846-C5E0FD1F68C1}.Debug|x64.ActiveCfg = Debug|Any CPU
		{BB21EBF7-A267-4E90-B846-C5E0FD1F68C1}.Debug|x64.Build.0 = Debug|Any CPU
		{BB21EBF7-A267-4E90-B846-C5E0FD1F68C1}.Debug|x86.ActiveCfg = Debug|Any CPU
		{BB21EBF7-A267-4E90-B846-C5E0FD1F68C1}.Debug|x86.Build.0 = Debug|Any CPU
		{BB21EBF7-A267-4E90-B846-C5E0FD1F68C1}.DVD-5|Any CPU.ActiveCfg = Debug|Any CPU
		{BB21EBF7-A267-4E90-B846-C5E0FD1F68C1}.DVD-5|Any CPU.Build.0 = Debug|Any CPU
		{BB21EBF7-A267-4E90-B846-C5E0FD1F68C1}.DVD-5|x64.ActiveCfg = Debug|Any CPU
		{BB21EBF7-A267-4E90-B846-C5E0FD1F68C1}.DVD-5|x64.Build.0 = Debug|Any CPU
		{BB21EBF7-A267-4E90-B846-C5E0FD1F68C1}.DVD-5|x86.ActiveCfg = Debug|Any CPU
		{BB21EBF7-A267-4E90-B846-C5E0FD1F68C1}.DVD-5|x86.Build.0 = Debug|Any CPU
		{BB21EBF7-A267-4E90-B846-C5E0FD1F68C1}.Profess|Any CPU.ActiveCfg = Release|Any CPU
		{BB21EBF7-A267-4E90-B846-C5E0FD1F68C1}.Profess|Any CPU.Build.0 = Release|Any CPU
		{BB21EBF7-A267-4E90-B846-C5E0FD1F68C1}.Profess|x64.ActiveCfg = Release|Any CPU
		{BB21EBF7-A267-4E90-B846-C5E0FD1F68C1}.Profess|x64.Build.0 = Release|Any CPU
		{BB21EBF7-A267-4E90-B846-C5E0FD1F68C1}.Profess|x86.ActiveCfg = Release|Any CPU
		{BB21EBF7-A267-4E90-B846-C5E0FD1F68C1}.Profess|x86.Build.0 = Release|Any CPU
		{BB21EBF7-A267-4E90-B846-C5E0FD1F68C1}.Release|Any CPU.ActiveCfg = Release|Any CPU
		{BB21EBF7-A267-4E90-B846-C5E0FD1F68C1}.Release|Any CPU.Build.0 = Release|Any CPU
		{BB21EBF7-A267-4E90-B846-C5E0FD1F68C1}.Release|x64.ActiveCfg = Release|Any CPU
		{BB21EBF7-A267-4E90-B846-C5E0FD1F68C1}.Release|x64.Build.0 = Release|Any CPU
		{BB21EBF7-A267-4E90-B846-C5E0FD1F68C1}.Release|x86.ActiveCfg = Release|Any CPU
		{BB21EBF7-A267-4E90-B846-C5E0FD1F68C1}.Release|x86.Build.0 = Release|Any CPU
		{BB21EBF7-A267-4E90-B846-C5E0FD1F68C1}.SingleImage|Any CPU.ActiveCfg = Release|Any CPU
		{BB21EBF7-A267-4E90-B846-C5E0FD1F68C1}.SingleImage|Any CPU.Build.0 = Release|Any CPU
		{BB21EBF7-A267-4E90-B846-C5E0FD1F68C1}.SingleImage|x64.ActiveCfg = Release|Any CPU
		{BB21EBF7-A267-4E90-B846-C5E0FD1F68C1}.SingleImage|x64.Build.0 = Release|Any CPU
		{BB21EBF7-A267-4E90-B846-C5E0FD1F68C1}.SingleImage|x86.ActiveCfg = Release|Any CPU
		{BB21EBF7-A267-4E90-B846-C5E0FD1F68C1}.SingleImage|x86.Build.0 = Release|Any CPU
		{840C1D5C-246C-4EEA-A52E-C7689CC85D9B}.CD_ROM|Any CPU.ActiveCfg = Release|Any CPU
		{840C1D5C-246C-4EEA-A52E-C7689CC85D9B}.CD_ROM|Any CPU.Build.0 = Release|Any CPU
		{840C1D5C-246C-4EEA-A52E-C7689CC85D9B}.CD_ROM|x64.ActiveCfg = Release|x64
		{840C1D5C-246C-4EEA-A52E-C7689CC85D9B}.CD_ROM|x64.Build.0 = Release|x64
		{840C1D5C-246C-4EEA-A52E-C7689CC85D9B}.CD_ROM|x86.ActiveCfg = Release|x86
		{840C1D5C-246C-4EEA-A52E-C7689CC85D9B}.CD_ROM|x86.Build.0 = Release|x86
		{840C1D5C-246C-4EEA-A52E-C7689CC85D9B}.Debug|Any CPU.ActiveCfg = Debug|Any CPU
		{840C1D5C-246C-4EEA-A52E-C7689CC85D9B}.Debug|Any CPU.Build.0 = Debug|Any CPU
		{840C1D5C-246C-4EEA-A52E-C7689CC85D9B}.Debug|x64.ActiveCfg = Debug|x64
		{840C1D5C-246C-4EEA-A52E-C7689CC85D9B}.Debug|x64.Build.0 = Debug|x64
		{840C1D5C-246C-4EEA-A52E-C7689CC85D9B}.Debug|x86.ActiveCfg = Debug|x86
		{840C1D5C-246C-4EEA-A52E-C7689CC85D9B}.Debug|x86.Build.0 = Debug|x86
		{840C1D5C-246C-4EEA-A52E-C7689CC85D9B}.DVD-5|Any CPU.ActiveCfg = Debug|Any CPU
		{840C1D5C-246C-4EEA-A52E-C7689CC85D9B}.DVD-5|Any CPU.Build.0 = Debug|Any CPU
		{840C1D5C-246C-4EEA-A52E-C7689CC85D9B}.DVD-5|x64.ActiveCfg = Debug|x64
		{840C1D5C-246C-4EEA-A52E-C7689CC85D9B}.DVD-5|x64.Build.0 = Debug|x64
		{840C1D5C-246C-4EEA-A52E-C7689CC85D9B}.DVD-5|x86.ActiveCfg = Debug|x86
		{840C1D5C-246C-4EEA-A52E-C7689CC85D9B}.DVD-5|x86.Build.0 = Debug|x86
		{840C1D5C-246C-4EEA-A52E-C7689CC85D9B}.Profess|Any CPU.ActiveCfg = Release|Any CPU
		{840C1D5C-246C-4EEA-A52E-C7689CC85D9B}.Profess|Any CPU.Build.0 = Release|Any CPU
		{840C1D5C-246C-4EEA-A52E-C7689CC85D9B}.Profess|x64.ActiveCfg = Release|x64
		{840C1D5C-246C-4EEA-A52E-C7689CC85D9B}.Profess|x64.Build.0 = Release|x64
		{840C1D5C-246C-4EEA-A52E-C7689CC85D9B}.Profess|x86.ActiveCfg = Release|x86
		{840C1D5C-246C-4EEA-A52E-C7689CC85D9B}.Profess|x86.Build.0 = Release|x86
		{840C1D5C-246C-4EEA-A52E-C7689CC85D9B}.Release|Any CPU.ActiveCfg = Release|Any CPU
		{840C1D5C-246C-4EEA-A52E-C7689CC85D9B}.Release|Any CPU.Build.0 = Release|Any CPU
		{840C1D5C-246C-4EEA-A52E-C7689CC85D9B}.Release|x64.ActiveCfg = Release|x64
		{840C1D5C-246C-4EEA-A52E-C7689CC85D9B}.Release|x64.Build.0 = Release|x64
		{840C1D5C-246C-4EEA-A52E-C7689CC85D9B}.Release|x86.ActiveCfg = Release|Any CPU
		{840C1D5C-246C-4EEA-A52E-C7689CC85D9B}.Release|x86.Build.0 = Release|Any CPU
		{840C1D5C-246C-4EEA-A52E-C7689CC85D9B}.SingleImage|Any CPU.ActiveCfg = Release|Any CPU
		{840C1D5C-246C-4EEA-A52E-C7689CC85D9B}.SingleImage|Any CPU.Build.0 = Release|Any CPU
		{840C1D5C-246C-4EEA-A52E-C7689CC85D9B}.SingleImage|x64.ActiveCfg = Release|x64
		{840C1D5C-246C-4EEA-A52E-C7689CC85D9B}.SingleImage|x64.Build.0 = Release|x64
		{840C1D5C-246C-4EEA-A52E-C7689CC85D9B}.SingleImage|x86.ActiveCfg = Release|x86
		{840C1D5C-246C-4EEA-A52E-C7689CC85D9B}.SingleImage|x86.Build.0 = Release|x86
		{F1944F74-5A8E-429A-81F3-E1708090F12B}.CD_ROM|Any CPU.ActiveCfg = Profess|Any CPU
		{F1944F74-5A8E-429A-81F3-E1708090F12B}.CD_ROM|Any CPU.Build.0 = Profess|Any CPU
		{F1944F74-5A8E-429A-81F3-E1708090F12B}.CD_ROM|x64.ActiveCfg = Profess|Any CPU
		{F1944F74-5A8E-429A-81F3-E1708090F12B}.CD_ROM|x64.Build.0 = Profess|Any CPU
		{F1944F74-5A8E-429A-81F3-E1708090F12B}.CD_ROM|x86.ActiveCfg = Profess|Any CPU
		{F1944F74-5A8E-429A-81F3-E1708090F12B}.CD_ROM|x86.Build.0 = Profess|Any CPU
		{F1944F74-5A8E-429A-81F3-E1708090F12B}.Debug|Any CPU.ActiveCfg = Debug|Any CPU
		{F1944F74-5A8E-429A-81F3-E1708090F12B}.Debug|Any CPU.Build.0 = Debug|Any CPU
		{F1944F74-5A8E-429A-81F3-E1708090F12B}.Debug|x64.ActiveCfg = Debug|Any CPU
		{F1944F74-5A8E-429A-81F3-E1708090F12B}.Debug|x64.Build.0 = Debug|Any CPU
		{F1944F74-5A8E-429A-81F3-E1708090F12B}.Debug|x86.ActiveCfg = Debug|Any CPU
		{F1944F74-5A8E-429A-81F3-E1708090F12B}.Debug|x86.Build.0 = Debug|Any CPU
		{F1944F74-5A8E-429A-81F3-E1708090F12B}.DVD-5|Any CPU.ActiveCfg = Debug|Any CPU
		{F1944F74-5A8E-429A-81F3-E1708090F12B}.DVD-5|Any CPU.Build.0 = Debug|Any CPU
		{F1944F74-5A8E-429A-81F3-E1708090F12B}.DVD-5|x64.ActiveCfg = Debug|Any CPU
		{F1944F74-5A8E-429A-81F3-E1708090F12B}.DVD-5|x64.Build.0 = Debug|Any CPU
		{F1944F74-5A8E-429A-81F3-E1708090F12B}.DVD-5|x86.ActiveCfg = Debug|Any CPU
		{F1944F74-5A8E-429A-81F3-E1708090F12B}.DVD-5|x86.Build.0 = Debug|Any CPU
		{F1944F74-5A8E-429A-81F3-E1708090F12B}.Profess|Any CPU.ActiveCfg = Profess|Any CPU
		{F1944F74-5A8E-429A-81F3-E1708090F12B}.Profess|Any CPU.Build.0 = Profess|Any CPU
		{F1944F74-5A8E-429A-81F3-E1708090F12B}.Profess|x64.ActiveCfg = Profess|Any CPU
		{F1944F74-5A8E-429A-81F3-E1708090F12B}.Profess|x64.Build.0 = Profess|Any CPU
		{F1944F74-5A8E-429A-81F3-E1708090F12B}.Profess|x86.ActiveCfg = Profess|Any CPU
		{F1944F74-5A8E-429A-81F3-E1708090F12B}.Profess|x86.Build.0 = Profess|Any CPU
		{F1944F74-5A8E-429A-81F3-E1708090F12B}.Release|Any CPU.ActiveCfg = Release|Any CPU
		{F1944F74-5A8E-429A-81F3-E1708090F12B}.Release|Any CPU.Build.0 = Release|Any CPU
		{F1944F74-5A8E-429A-81F3-E1708090F12B}.Release|x64.ActiveCfg = Release|Any CPU
		{F1944F74-5A8E-429A-81F3-E1708090F12B}.Release|x64.Build.0 = Release|Any CPU
		{F1944F74-5A8E-429A-81F3-E1708090F12B}.Release|x86.ActiveCfg = Release|Any CPU
		{F1944F74-5A8E-429A-81F3-E1708090F12B}.Release|x86.Build.0 = Release|Any CPU
		{F1944F74-5A8E-429A-81F3-E1708090F12B}.SingleImage|Any CPU.ActiveCfg = Profess|Any CPU
		{F1944F74-5A8E-429A-81F3-E1708090F12B}.SingleImage|Any CPU.Build.0 = Profess|Any CPU
		{F1944F74-5A8E-429A-81F3-E1708090F12B}.SingleImage|x64.ActiveCfg = Profess|Any CPU
		{F1944F74-5A8E-429A-81F3-E1708090F12B}.SingleImage|x64.Build.0 = Profess|Any CPU
		{F1944F74-5A8E-429A-81F3-E1708090F12B}.SingleImage|x86.ActiveCfg = Profess|Any CPU
		{F1944F74-5A8E-429A-81F3-E1708090F12B}.SingleImage|x86.Build.0 = Profess|Any CPU
		{4CBE86DA-A327-4226-A61E-5FBAA0C5C6B1}.CD_ROM|Any CPU.ActiveCfg = Profess|Any CPU
		{4CBE86DA-A327-4226-A61E-5FBAA0C5C6B1}.CD_ROM|Any CPU.Build.0 = Profess|Any CPU
		{4CBE86DA-A327-4226-A61E-5FBAA0C5C6B1}.CD_ROM|x64.ActiveCfg = Profess|Any CPU
		{4CBE86DA-A327-4226-A61E-5FBAA0C5C6B1}.CD_ROM|x64.Build.0 = Profess|Any CPU
		{4CBE86DA-A327-4226-A61E-5FBAA0C5C6B1}.CD_ROM|x86.ActiveCfg = Profess|Any CPU
		{4CBE86DA-A327-4226-A61E-5FBAA0C5C6B1}.CD_ROM|x86.Build.0 = Profess|Any CPU
		{4CBE86DA-A327-4226-A61E-5FBAA0C5C6B1}.Debug|Any CPU.ActiveCfg = Debug|Any CPU
		{4CBE86DA-A327-4226-A61E-5FBAA0C5C6B1}.Debug|Any CPU.Build.0 = Debug|Any CPU
		{4CBE86DA-A327-4226-A61E-5FBAA0C5C6B1}.Debug|x64.ActiveCfg = Debug|Any CPU
		{4CBE86DA-A327-4226-A61E-5FBAA0C5C6B1}.Debug|x64.Build.0 = Debug|Any CPU
		{4CBE86DA-A327-4226-A61E-5FBAA0C5C6B1}.Debug|x86.ActiveCfg = Debug|Any CPU
		{4CBE86DA-A327-4226-A61E-5FBAA0C5C6B1}.Debug|x86.Build.0 = Debug|Any CPU
		{4CBE86DA-A327-4226-A61E-5FBAA0C5C6B1}.DVD-5|Any CPU.ActiveCfg = Debug|Any CPU
		{4CBE86DA-A327-4226-A61E-5FBAA0C5C6B1}.DVD-5|Any CPU.Build.0 = Debug|Any CPU
		{4CBE86DA-A327-4226-A61E-5FBAA0C5C6B1}.DVD-5|x64.ActiveCfg = Debug|Any CPU
		{4CBE86DA-A327-4226-A61E-5FBAA0C5C6B1}.DVD-5|x64.Build.0 = Debug|Any CPU
		{4CBE86DA-A327-4226-A61E-5FBAA0C5C6B1}.DVD-5|x86.ActiveCfg = Debug|Any CPU
		{4CBE86DA-A327-4226-A61E-5FBAA0C5C6B1}.DVD-5|x86.Build.0 = Debug|Any CPU
		{4CBE86DA-A327-4226-A61E-5FBAA0C5C6B1}.Profess|Any CPU.ActiveCfg = Profess|Any CPU
		{4CBE86DA-A327-4226-A61E-5FBAA0C5C6B1}.Profess|Any CPU.Build.0 = Profess|Any CPU
		{4CBE86DA-A327-4226-A61E-5FBAA0C5C6B1}.Profess|x64.ActiveCfg = Profess|Any CPU
		{4CBE86DA-A327-4226-A61E-5FBAA0C5C6B1}.Profess|x64.Build.0 = Profess|Any CPU
		{4CBE86DA-A327-4226-A61E-5FBAA0C5C6B1}.Profess|x86.ActiveCfg = Profess|Any CPU
		{4CBE86DA-A327-4226-A61E-5FBAA0C5C6B1}.Profess|x86.Build.0 = Profess|Any CPU
		{4CBE86DA-A327-4226-A61E-5FBAA0C5C6B1}.Release|Any CPU.ActiveCfg = Release|Any CPU
		{4CBE86DA-A327-4226-A61E-5FBAA0C5C6B1}.Release|Any CPU.Build.0 = Release|Any CPU
		{4CBE86DA-A327-4226-A61E-5FBAA0C5C6B1}.Release|x64.ActiveCfg = Release|Any CPU
		{4CBE86DA-A327-4226-A61E-5FBAA0C5C6B1}.Release|x64.Build.0 = Release|Any CPU
		{4CBE86DA-A327-4226-A61E-5FBAA0C5C6B1}.Release|x86.ActiveCfg = Release|Any CPU
		{4CBE86DA-A327-4226-A61E-5FBAA0C5C6B1}.Release|x86.Build.0 = Release|Any CPU
		{4CBE86DA-A327-4226-A61E-5FBAA0C5C6B1}.SingleImage|Any CPU.ActiveCfg = Profess|Any CPU
		{4CBE86DA-A327-4226-A61E-5FBAA0C5C6B1}.SingleImage|Any CPU.Build.0 = Profess|Any CPU
		{4CBE86DA-A327-4226-A61E-5FBAA0C5C6B1}.SingleImage|x64.ActiveCfg = Profess|Any CPU
		{4CBE86DA-A327-4226-A61E-5FBAA0C5C6B1}.SingleImage|x64.Build.0 = Profess|Any CPU
		{4CBE86DA-A327-4226-A61E-5FBAA0C5C6B1}.SingleImage|x86.ActiveCfg = Profess|Any CPU
		{4CBE86DA-A327-4226-A61E-5FBAA0C5C6B1}.SingleImage|x86.Build.0 = Profess|Any CPU
		{56C9308C-98B3-4E20-B182-C324CAE61B1C}.CD_ROM|Any CPU.ActiveCfg = CD_ROM
		{56C9308C-98B3-4E20-B182-C324CAE61B1C}.CD_ROM|Any CPU.Build.0 = CD_ROM
		{56C9308C-98B3-4E20-B182-C324CAE61B1C}.CD_ROM|x64.ActiveCfg = CD_ROM
		{56C9308C-98B3-4E20-B182-C324CAE61B1C}.CD_ROM|x64.Build.0 = CD_ROM
		{56C9308C-98B3-4E20-B182-C324CAE61B1C}.CD_ROM|x86.ActiveCfg = CD_ROM
		{56C9308C-98B3-4E20-B182-C324CAE61B1C}.CD_ROM|x86.Build.0 = CD_ROM
		{56C9308C-98B3-4E20-B182-C324CAE61B1C}.Debug|Any CPU.ActiveCfg = DVD-5
		{56C9308C-98B3-4E20-B182-C324CAE61B1C}.Debug|Any CPU.Build.0 = DVD-5
		{56C9308C-98B3-4E20-B182-C324CAE61B1C}.Debug|x64.ActiveCfg = DVD-5
		{56C9308C-98B3-4E20-B182-C324CAE61B1C}.Debug|x64.Build.0 = DVD-5
		{56C9308C-98B3-4E20-B182-C324CAE61B1C}.Debug|x86.ActiveCfg = DVD-5
		{56C9308C-98B3-4E20-B182-C324CAE61B1C}.Debug|x86.Build.0 = DVD-5
		{56C9308C-98B3-4E20-B182-C324CAE61B1C}.DVD-5|Any CPU.ActiveCfg = DVD-5
		{56C9308C-98B3-4E20-B182-C324CAE61B1C}.DVD-5|Any CPU.Build.0 = DVD-5
		{56C9308C-98B3-4E20-B182-C324CAE61B1C}.DVD-5|x64.ActiveCfg = DVD-5
		{56C9308C-98B3-4E20-B182-C324CAE61B1C}.DVD-5|x64.Build.0 = DVD-5
		{56C9308C-98B3-4E20-B182-C324CAE61B1C}.DVD-5|x86.ActiveCfg = DVD-5
		{56C9308C-98B3-4E20-B182-C324CAE61B1C}.DVD-5|x86.Build.0 = DVD-5
		{56C9308C-98B3-4E20-B182-C324CAE61B1C}.Profess|Any CPU.ActiveCfg = SingleImage
		{56C9308C-98B3-4E20-B182-C324CAE61B1C}.Profess|Any CPU.Build.0 = SingleImage
		{56C9308C-98B3-4E20-B182-C324CAE61B1C}.Profess|x64.ActiveCfg = SingleImage
		{56C9308C-98B3-4E20-B182-C324CAE61B1C}.Profess|x64.Build.0 = SingleImage
		{56C9308C-98B3-4E20-B182-C324CAE61B1C}.Profess|x86.ActiveCfg = SingleImage
		{56C9308C-98B3-4E20-B182-C324CAE61B1C}.Profess|x86.Build.0 = SingleImage
		{56C9308C-98B3-4E20-B182-C324CAE61B1C}.Release|Any CPU.ActiveCfg = SingleImage
		{56C9308C-98B3-4E20-B182-C324CAE61B1C}.Release|Any CPU.Build.0 = SingleImage
		{56C9308C-98B3-4E20-B182-C324CAE61B1C}.Release|x64.ActiveCfg = SingleImage
		{56C9308C-98B3-4E20-B182-C324CAE61B1C}.Release|x64.Build.0 = SingleImage
		{56C9308C-98B3-4E20-B182-C324CAE61B1C}.Release|x86.ActiveCfg = SingleImage
		{56C9308C-98B3-4E20-B182-C324CAE61B1C}.Release|x86.Build.0 = SingleImage
		{56C9308C-98B3-4E20-B182-C324CAE61B1C}.SingleImage|Any CPU.ActiveCfg = SingleImage
		{56C9308C-98B3-4E20-B182-C324CAE61B1C}.SingleImage|Any CPU.Build.0 = SingleImage
		{56C9308C-98B3-4E20-B182-C324CAE61B1C}.SingleImage|x64.ActiveCfg = SingleImage
		{56C9308C-98B3-4E20-B182-C324CAE61B1C}.SingleImage|x64.Build.0 = SingleImage
		{56C9308C-98B3-4E20-B182-C324CAE61B1C}.SingleImage|x86.ActiveCfg = SingleImage
		{56C9308C-98B3-4E20-B182-C324CAE61B1C}.SingleImage|x86.Build.0 = SingleImage
		{A9D96555-4305-4056-A8B1-FBF0D64A671B}.CD_ROM|Any CPU.ActiveCfg = Profess|Any CPU
		{A9D96555-4305-4056-A8B1-FBF0D64A671B}.CD_ROM|Any CPU.Build.0 = Profess|Any CPU
		{A9D96555-4305-4056-A8B1-FBF0D64A671B}.CD_ROM|x64.ActiveCfg = Profess|Any CPU
		{A9D96555-4305-4056-A8B1-FBF0D64A671B}.CD_ROM|x64.Build.0 = Profess|Any CPU
		{A9D96555-4305-4056-A8B1-FBF0D64A671B}.CD_ROM|x86.ActiveCfg = Profess|Any CPU
		{A9D96555-4305-4056-A8B1-FBF0D64A671B}.CD_ROM|x86.Build.0 = Profess|Any CPU
		{A9D96555-4305-4056-A8B1-FBF0D64A671B}.Debug|Any CPU.ActiveCfg = Debug|Any CPU
		{A9D96555-4305-4056-A8B1-FBF0D64A671B}.Debug|Any CPU.Build.0 = Debug|Any CPU
		{A9D96555-4305-4056-A8B1-FBF0D64A671B}.Debug|x64.ActiveCfg = Debug|Any CPU
		{A9D96555-4305-4056-A8B1-FBF0D64A671B}.Debug|x64.Build.0 = Debug|Any CPU
		{A9D96555-4305-4056-A8B1-FBF0D64A671B}.Debug|x86.ActiveCfg = Debug|Any CPU
		{A9D96555-4305-4056-A8B1-FBF0D64A671B}.Debug|x86.Build.0 = Debug|Any CPU
		{A9D96555-4305-4056-A8B1-FBF0D64A671B}.DVD-5|Any CPU.ActiveCfg = Debug|Any CPU
		{A9D96555-4305-4056-A8B1-FBF0D64A671B}.DVD-5|Any CPU.Build.0 = Debug|Any CPU
		{A9D96555-4305-4056-A8B1-FBF0D64A671B}.DVD-5|x64.ActiveCfg = Debug|Any CPU
		{A9D96555-4305-4056-A8B1-FBF0D64A671B}.DVD-5|x64.Build.0 = Debug|Any CPU
		{A9D96555-4305-4056-A8B1-FBF0D64A671B}.DVD-5|x86.ActiveCfg = Debug|Any CPU
		{A9D96555-4305-4056-A8B1-FBF0D64A671B}.DVD-5|x86.Build.0 = Debug|Any CPU
		{A9D96555-4305-4056-A8B1-FBF0D64A671B}.Profess|Any CPU.ActiveCfg = Profess|Any CPU
		{A9D96555-4305-4056-A8B1-FBF0D64A671B}.Profess|Any CPU.Build.0 = Profess|Any CPU
		{A9D96555-4305-4056-A8B1-FBF0D64A671B}.Profess|x64.ActiveCfg = Profess|Any CPU
		{A9D96555-4305-4056-A8B1-FBF0D64A671B}.Profess|x64.Build.0 = Profess|Any CPU
		{A9D96555-4305-4056-A8B1-FBF0D64A671B}.Profess|x86.ActiveCfg = Profess|Any CPU
		{A9D96555-4305-4056-A8B1-FBF0D64A671B}.Profess|x86.Build.0 = Profess|Any CPU
		{A9D96555-4305-4056-A8B1-FBF0D64A671B}.Release|Any CPU.ActiveCfg = Release|Any CPU
		{A9D96555-4305-4056-A8B1-FBF0D64A671B}.Release|Any CPU.Build.0 = Release|Any CPU
		{A9D96555-4305-4056-A8B1-FBF0D64A671B}.Release|x64.ActiveCfg = Release|Any CPU
		{A9D96555-4305-4056-A8B1-FBF0D64A671B}.Release|x64.Build.0 = Release|Any CPU
		{A9D96555-4305-4056-A8B1-FBF0D64A671B}.Release|x86.ActiveCfg = Release|Any CPU
		{A9D96555-4305-4056-A8B1-FBF0D64A671B}.Release|x86.Build.0 = Release|Any CPU
		{A9D96555-4305-4056-A8B1-FBF0D64A671B}.SingleImage|Any CPU.ActiveCfg = Profess|Any CPU
		{A9D96555-4305-4056-A8B1-FBF0D64A671B}.SingleImage|Any CPU.Build.0 = Profess|Any CPU
		{A9D96555-4305-4056-A8B1-FBF0D64A671B}.SingleImage|x64.ActiveCfg = Profess|Any CPU
		{A9D96555-4305-4056-A8B1-FBF0D64A671B}.SingleImage|x64.Build.0 = Profess|Any CPU
		{A9D96555-4305-4056-A8B1-FBF0D64A671B}.SingleImage|x86.ActiveCfg = Profess|Any CPU
		{A9D96555-4305-4056-A8B1-FBF0D64A671B}.SingleImage|x86.Build.0 = Profess|Any CPU
		{44ED1213-E945-45B9-8A28-8BC72E656ECD}.CD_ROM|Any CPU.ActiveCfg = Release|Any CPU
		{44ED1213-E945-45B9-8A28-8BC72E656ECD}.CD_ROM|Any CPU.Build.0 = Release|Any CPU
		{44ED1213-E945-45B9-8A28-8BC72E656ECD}.CD_ROM|x64.ActiveCfg = Release|Any CPU
		{44ED1213-E945-45B9-8A28-8BC72E656ECD}.CD_ROM|x64.Build.0 = Release|Any CPU
		{44ED1213-E945-45B9-8A28-8BC72E656ECD}.CD_ROM|x86.ActiveCfg = Release|Any CPU
		{44ED1213-E945-45B9-8A28-8BC72E656ECD}.CD_ROM|x86.Build.0 = Release|Any CPU
		{44ED1213-E945-45B9-8A28-8BC72E656ECD}.Debug|Any CPU.ActiveCfg = Debug|Any CPU
		{44ED1213-E945-45B9-8A28-8BC72E656ECD}.Debug|Any CPU.Build.0 = Debug|Any CPU
		{44ED1213-E945-45B9-8A28-8BC72E656ECD}.Debug|x64.ActiveCfg = Debug|Any CPU
		{44ED1213-E945-45B9-8A28-8BC72E656ECD}.Debug|x64.Build.0 = Debug|Any CPU
		{44ED1213-E945-45B9-8A28-8BC72E656ECD}.Debug|x86.ActiveCfg = Debug|Any CPU
		{44ED1213-E945-45B9-8A28-8BC72E656ECD}.Debug|x86.Build.0 = Debug|Any CPU
		{44ED1213-E945-45B9-8A28-8BC72E656ECD}.DVD-5|Any CPU.ActiveCfg = Debug|Any CPU
		{44ED1213-E945-45B9-8A28-8BC72E656ECD}.DVD-5|Any CPU.Build.0 = Debug|Any CPU
		{44ED1213-E945-45B9-8A28-8BC72E656ECD}.DVD-5|x64.ActiveCfg = Debug|Any CPU
		{44ED1213-E945-45B9-8A28-8BC72E656ECD}.DVD-5|x64.Build.0 = Debug|Any CPU
		{44ED1213-E945-45B9-8A28-8BC72E656ECD}.DVD-5|x86.ActiveCfg = Debug|Any CPU
		{44ED1213-E945-45B9-8A28-8BC72E656ECD}.DVD-5|x86.Build.0 = Debug|Any CPU
		{44ED1213-E945-45B9-8A28-8BC72E656ECD}.Profess|Any CPU.ActiveCfg = Release|Any CPU
		{44ED1213-E945-45B9-8A28-8BC72E656ECD}.Profess|Any CPU.Build.0 = Release|Any CPU
		{44ED1213-E945-45B9-8A28-8BC72E656ECD}.Profess|x64.ActiveCfg = Release|Any CPU
		{44ED1213-E945-45B9-8A28-8BC72E656ECD}.Profess|x64.Build.0 = Release|Any CPU
		{44ED1213-E945-45B9-8A28-8BC72E656ECD}.Profess|x86.ActiveCfg = Release|Any CPU
		{44ED1213-E945-45B9-8A28-8BC72E656ECD}.Profess|x86.Build.0 = Release|Any CPU
		{44ED1213-E945-45B9-8A28-8BC72E656ECD}.Release|Any CPU.ActiveCfg = Release|Any CPU
		{44ED1213-E945-45B9-8A28-8BC72E656ECD}.Release|Any CPU.Build.0 = Release|Any CPU
		{44ED1213-E945-45B9-8A28-8BC72E656ECD}.Release|x64.ActiveCfg = Release|Any CPU
		{44ED1213-E945-45B9-8A28-8BC72E656ECD}.Release|x64.Build.0 = Release|Any CPU
		{44ED1213-E945-45B9-8A28-8BC72E656ECD}.Release|x86.ActiveCfg = Release|Any CPU
		{44ED1213-E945-45B9-8A28-8BC72E656ECD}.Release|x86.Build.0 = Release|Any CPU
		{44ED1213-E945-45B9-8A28-8BC72E656ECD}.SingleImage|Any CPU.ActiveCfg = Release|Any CPU
		{44ED1213-E945-45B9-8A28-8BC72E656ECD}.SingleImage|Any CPU.Build.0 = Release|Any CPU
		{44ED1213-E945-45B9-8A28-8BC72E656ECD}.SingleImage|x64.ActiveCfg = Release|Any CPU
		{44ED1213-E945-45B9-8A28-8BC72E656ECD}.SingleImage|x64.Build.0 = Release|Any CPU
		{44ED1213-E945-45B9-8A28-8BC72E656ECD}.SingleImage|x86.ActiveCfg = Release|Any CPU
		{44ED1213-E945-45B9-8A28-8BC72E656ECD}.SingleImage|x86.Build.0 = Release|Any CPU
		{93B48914-A588-4096-9907-4EC60D371BC8}.CD_ROM|Any CPU.ActiveCfg = Profess|Any CPU
		{93B48914-A588-4096-9907-4EC60D371BC8}.CD_ROM|Any CPU.Build.0 = Profess|Any CPU
		{93B48914-A588-4096-9907-4EC60D371BC8}.CD_ROM|x64.ActiveCfg = Profess|Any CPU
		{93B48914-A588-4096-9907-4EC60D371BC8}.CD_ROM|x64.Build.0 = Profess|Any CPU
		{93B48914-A588-4096-9907-4EC60D371BC8}.CD_ROM|x86.ActiveCfg = Profess|Any CPU
		{93B48914-A588-4096-9907-4EC60D371BC8}.CD_ROM|x86.Build.0 = Profess|Any CPU
		{93B48914-A588-4096-9907-4EC60D371BC8}.Debug|Any CPU.ActiveCfg = Debug|Any CPU
		{93B48914-A588-4096-9907-4EC60D371BC8}.Debug|Any CPU.Build.0 = Debug|Any CPU
		{93B48914-A588-4096-9907-4EC60D371BC8}.Debug|x64.ActiveCfg = Debug|Any CPU
		{93B48914-A588-4096-9907-4EC60D371BC8}.Debug|x64.Build.0 = Debug|Any CPU
		{93B48914-A588-4096-9907-4EC60D371BC8}.Debug|x86.ActiveCfg = Debug|Any CPU
		{93B48914-A588-4096-9907-4EC60D371BC8}.Debug|x86.Build.0 = Debug|Any CPU
		{93B48914-A588-4096-9907-4EC60D371BC8}.DVD-5|Any CPU.ActiveCfg = Debug|Any CPU
		{93B48914-A588-4096-9907-4EC60D371BC8}.DVD-5|Any CPU.Build.0 = Debug|Any CPU
		{93B48914-A588-4096-9907-4EC60D371BC8}.DVD-5|x64.ActiveCfg = Debug|Any CPU
		{93B48914-A588-4096-9907-4EC60D371BC8}.DVD-5|x64.Build.0 = Debug|Any CPU
		{93B48914-A588-4096-9907-4EC60D371BC8}.DVD-5|x86.ActiveCfg = Debug|Any CPU
		{93B48914-A588-4096-9907-4EC60D371BC8}.DVD-5|x86.Build.0 = Debug|Any CPU
		{93B48914-A588-4096-9907-4EC60D371BC8}.Profess|Any CPU.ActiveCfg = Profess|Any CPU
		{93B48914-A588-4096-9907-4EC60D371BC8}.Profess|Any CPU.Build.0 = Profess|Any CPU
		{93B48914-A588-4096-9907-4EC60D371BC8}.Profess|x64.ActiveCfg = Profess|Any CPU
		{93B48914-A588-4096-9907-4EC60D371BC8}.Profess|x64.Build.0 = Profess|Any CPU
		{93B48914-A588-4096-9907-4EC60D371BC8}.Profess|x86.ActiveCfg = Profess|Any CPU
		{93B48914-A588-4096-9907-4EC60D371BC8}.Profess|x86.Build.0 = Profess|Any CPU
		{93B48914-A588-4096-9907-4EC60D371BC8}.Release|Any CPU.ActiveCfg = Release|Any CPU
		{93B48914-A588-4096-9907-4EC60D371BC8}.Release|Any CPU.Build.0 = Release|Any CPU
		{93B48914-A588-4096-9907-4EC60D371BC8}.Release|x64.ActiveCfg = Release|Any CPU
		{93B48914-A588-4096-9907-4EC60D371BC8}.Release|x64.Build.0 = Release|Any CPU
		{93B48914-A588-4096-9907-4EC60D371BC8}.Release|x86.ActiveCfg = Release|Any CPU
		{93B48914-A588-4096-9907-4EC60D371BC8}.Release|x86.Build.0 = Release|Any CPU
		{93B48914-A588-4096-9907-4EC60D371BC8}.SingleImage|Any CPU.ActiveCfg = Profess|Any CPU
		{93B48914-A588-4096-9907-4EC60D371BC8}.SingleImage|Any CPU.Build.0 = Profess|Any CPU
		{93B48914-A588-4096-9907-4EC60D371BC8}.SingleImage|x64.ActiveCfg = Profess|Any CPU
		{93B48914-A588-4096-9907-4EC60D371BC8}.SingleImage|x64.Build.0 = Profess|Any CPU
		{93B48914-A588-4096-9907-4EC60D371BC8}.SingleImage|x86.ActiveCfg = Profess|Any CPU
		{93B48914-A588-4096-9907-4EC60D371BC8}.SingleImage|x86.Build.0 = Profess|Any CPU
		{1B2EF7AB-81B3-4563-A30A-593B145ECA04}.CD_ROM|Any CPU.ActiveCfg = Release|Any CPU
		{1B2EF7AB-81B3-4563-A30A-593B145ECA04}.CD_ROM|Any CPU.Build.0 = Release|Any CPU
		{1B2EF7AB-81B3-4563-A30A-593B145ECA04}.CD_ROM|x64.ActiveCfg = Release|Any CPU
		{1B2EF7AB-81B3-4563-A30A-593B145ECA04}.CD_ROM|x64.Build.0 = Release|Any CPU
		{1B2EF7AB-81B3-4563-A30A-593B145ECA04}.CD_ROM|x86.ActiveCfg = Release|Any CPU
		{1B2EF7AB-81B3-4563-A30A-593B145ECA04}.CD_ROM|x86.Build.0 = Release|Any CPU
		{1B2EF7AB-81B3-4563-A30A-593B145ECA04}.Debug|Any CPU.ActiveCfg = Debug|Any CPU
		{1B2EF7AB-81B3-4563-A30A-593B145ECA04}.Debug|Any CPU.Build.0 = Debug|Any CPU
		{1B2EF7AB-81B3-4563-A30A-593B145ECA04}.Debug|x64.ActiveCfg = Debug|Any CPU
		{1B2EF7AB-81B3-4563-A30A-593B145ECA04}.Debug|x64.Build.0 = Debug|Any CPU
		{1B2EF7AB-81B3-4563-A30A-593B145ECA04}.Debug|x86.ActiveCfg = Debug|Any CPU
		{1B2EF7AB-81B3-4563-A30A-593B145ECA04}.Debug|x86.Build.0 = Debug|Any CPU
		{1B2EF7AB-81B3-4563-A30A-593B145ECA04}.DVD-5|Any CPU.ActiveCfg = Debug|Any CPU
		{1B2EF7AB-81B3-4563-A30A-593B145ECA04}.DVD-5|Any CPU.Build.0 = Debug|Any CPU
		{1B2EF7AB-81B3-4563-A30A-593B145ECA04}.DVD-5|x64.ActiveCfg = Debug|Any CPU
		{1B2EF7AB-81B3-4563-A30A-593B145ECA04}.DVD-5|x64.Build.0 = Debug|Any CPU
		{1B2EF7AB-81B3-4563-A30A-593B145ECA04}.DVD-5|x86.ActiveCfg = Debug|Any CPU
		{1B2EF7AB-81B3-4563-A30A-593B145ECA04}.DVD-5|x86.Build.0 = Debug|Any CPU
		{1B2EF7AB-81B3-4563-A30A-593B145ECA04}.Profess|Any CPU.ActiveCfg = Release|Any CPU
		{1B2EF7AB-81B3-4563-A30A-593B145ECA04}.Profess|Any CPU.Build.0 = Release|Any CPU
		{1B2EF7AB-81B3-4563-A30A-593B145ECA04}.Profess|x64.ActiveCfg = Release|Any CPU
		{1B2EF7AB-81B3-4563-A30A-593B145ECA04}.Profess|x64.Build.0 = Release|Any CPU
		{1B2EF7AB-81B3-4563-A30A-593B145ECA04}.Profess|x86.ActiveCfg = Release|Any CPU
		{1B2EF7AB-81B3-4563-A30A-593B145ECA04}.Profess|x86.Build.0 = Release|Any CPU
		{1B2EF7AB-81B3-4563-A30A-593B145ECA04}.Release|Any CPU.ActiveCfg = Release|Any CPU
		{1B2EF7AB-81B3-4563-A30A-593B145ECA04}.Release|Any CPU.Build.0 = Release|Any CPU
		{1B2EF7AB-81B3-4563-A30A-593B145ECA04}.Release|x64.ActiveCfg = Release|Any CPU
		{1B2EF7AB-81B3-4563-A30A-593B145ECA04}.Release|x64.Build.0 = Release|Any CPU
		{1B2EF7AB-81B3-4563-A30A-593B145ECA04}.Release|x86.ActiveCfg = Release|Any CPU
		{1B2EF7AB-81B3-4563-A30A-593B145ECA04}.Release|x86.Build.0 = Release|Any CPU
		{1B2EF7AB-81B3-4563-A30A-593B145ECA04}.SingleImage|Any CPU.ActiveCfg = Release|Any CPU
		{1B2EF7AB-81B3-4563-A30A-593B145ECA04}.SingleImage|Any CPU.Build.0 = Release|Any CPU
		{1B2EF7AB-81B3-4563-A30A-593B145ECA04}.SingleImage|x64.ActiveCfg = Release|Any CPU
		{1B2EF7AB-81B3-4563-A30A-593B145ECA04}.SingleImage|x64.Build.0 = Release|Any CPU
		{1B2EF7AB-81B3-4563-A30A-593B145ECA04}.SingleImage|x86.ActiveCfg = Release|Any CPU
		{1B2EF7AB-81B3-4563-A30A-593B145ECA04}.SingleImage|x86.Build.0 = Release|Any CPU
		{9D8BD1AB-7DB1-4571-90A9-4F40A1ED8C45}.CD_ROM|Any CPU.ActiveCfg = Release|Any CPU
		{9D8BD1AB-7DB1-4571-90A9-4F40A1ED8C45}.CD_ROM|Any CPU.Build.0 = Release|Any CPU
		{9D8BD1AB-7DB1-4571-90A9-4F40A1ED8C45}.CD_ROM|x64.ActiveCfg = Release|Any CPU
		{9D8BD1AB-7DB1-4571-90A9-4F40A1ED8C45}.CD_ROM|x64.Build.0 = Release|Any CPU
		{9D8BD1AB-7DB1-4571-90A9-4F40A1ED8C45}.CD_ROM|x86.ActiveCfg = Release|Any CPU
		{9D8BD1AB-7DB1-4571-90A9-4F40A1ED8C45}.CD_ROM|x86.Build.0 = Release|Any CPU
		{9D8BD1AB-7DB1-4571-90A9-4F40A1ED8C45}.Debug|Any CPU.ActiveCfg = Debug|Any CPU
		{9D8BD1AB-7DB1-4571-90A9-4F40A1ED8C45}.Debug|Any CPU.Build.0 = Debug|Any CPU
		{9D8BD1AB-7DB1-4571-90A9-4F40A1ED8C45}.Debug|x64.ActiveCfg = Debug|Any CPU
		{9D8BD1AB-7DB1-4571-90A9-4F40A1ED8C45}.Debug|x64.Build.0 = Debug|Any CPU
		{9D8BD1AB-7DB1-4571-90A9-4F40A1ED8C45}.Debug|x86.ActiveCfg = Debug|Any CPU
		{9D8BD1AB-7DB1-4571-90A9-4F40A1ED8C45}.Debug|x86.Build.0 = Debug|Any CPU
		{9D8BD1AB-7DB1-4571-90A9-4F40A1ED8C45}.DVD-5|Any CPU.ActiveCfg = Debug|Any CPU
		{9D8BD1AB-7DB1-4571-90A9-4F40A1ED8C45}.DVD-5|Any CPU.Build.0 = Debug|Any CPU
		{9D8BD1AB-7DB1-4571-90A9-4F40A1ED8C45}.DVD-5|x64.ActiveCfg = Debug|Any CPU
		{9D8BD1AB-7DB1-4571-90A9-4F40A1ED8C45}.DVD-5|x64.Build.0 = Debug|Any CPU
		{9D8BD1AB-7DB1-4571-90A9-4F40A1ED8C45}.DVD-5|x86.ActiveCfg = Debug|Any CPU
		{9D8BD1AB-7DB1-4571-90A9-4F40A1ED8C45}.DVD-5|x86.Build.0 = Debug|Any CPU
		{9D8BD1AB-7DB1-4571-90A9-4F40A1ED8C45}.Profess|Any CPU.ActiveCfg = Release|Any CPU
		{9D8BD1AB-7DB1-4571-90A9-4F40A1ED8C45}.Profess|Any CPU.Build.0 = Release|Any CPU
		{9D8BD1AB-7DB1-4571-90A9-4F40A1ED8C45}.Profess|x64.ActiveCfg = Release|Any CPU
		{9D8BD1AB-7DB1-4571-90A9-4F40A1ED8C45}.Profess|x64.Build.0 = Release|Any CPU
		{9D8BD1AB-7DB1-4571-90A9-4F40A1ED8C45}.Profess|x86.ActiveCfg = Release|Any CPU
		{9D8BD1AB-7DB1-4571-90A9-4F40A1ED8C45}.Profess|x86.Build.0 = Release|Any CPU
		{9D8BD1AB-7DB1-4571-90A9-4F40A1ED8C45}.Release|Any CPU.ActiveCfg = Release|Any CPU
		{9D8BD1AB-7DB1-4571-90A9-4F40A1ED8C45}.Release|Any CPU.Build.0 = Release|Any CPU
		{9D8BD1AB-7DB1-4571-90A9-4F40A1ED8C45}.Release|x64.ActiveCfg = Release|Any CPU
		{9D8BD1AB-7DB1-4571-90A9-4F40A1ED8C45}.Release|x64.Build.0 = Release|Any CPU
		{9D8BD1AB-7DB1-4571-90A9-4F40A1ED8C45}.Release|x86.ActiveCfg = Release|Any CPU
		{9D8BD1AB-7DB1-4571-90A9-4F40A1ED8C45}.Release|x86.Build.0 = Release|Any CPU
		{9D8BD1AB-7DB1-4571-90A9-4F40A1ED8C45}.SingleImage|Any CPU.ActiveCfg = Release|Any CPU
		{9D8BD1AB-7DB1-4571-90A9-4F40A1ED8C45}.SingleImage|Any CPU.Build.0 = Release|Any CPU
		{9D8BD1AB-7DB1-4571-90A9-4F40A1ED8C45}.SingleImage|x64.ActiveCfg = Release|Any CPU
		{9D8BD1AB-7DB1-4571-90A9-4F40A1ED8C45}.SingleImage|x64.Build.0 = Release|Any CPU
		{9D8BD1AB-7DB1-4571-90A9-4F40A1ED8C45}.SingleImage|x86.ActiveCfg = Release|Any CPU
		{9D8BD1AB-7DB1-4571-90A9-4F40A1ED8C45}.SingleImage|x86.Build.0 = Release|Any CPU
		{23CBDB7E-E5C1-4E41-A997-D32DDF78AABF}.CD_ROM|Any CPU.ActiveCfg = Profess|Any CPU
		{23CBDB7E-E5C1-4E41-A997-D32DDF78AABF}.CD_ROM|Any CPU.Build.0 = Profess|Any CPU
		{23CBDB7E-E5C1-4E41-A997-D32DDF78AABF}.CD_ROM|x64.ActiveCfg = Profess|Any CPU
		{23CBDB7E-E5C1-4E41-A997-D32DDF78AABF}.CD_ROM|x64.Build.0 = Profess|Any CPU
		{23CBDB7E-E5C1-4E41-A997-D32DDF78AABF}.CD_ROM|x86.ActiveCfg = Profess|Any CPU
		{23CBDB7E-E5C1-4E41-A997-D32DDF78AABF}.CD_ROM|x86.Build.0 = Profess|Any CPU
		{23CBDB7E-E5C1-4E41-A997-D32DDF78AABF}.Debug|Any CPU.ActiveCfg = Debug|Any CPU
		{23CBDB7E-E5C1-4E41-A997-D32DDF78AABF}.Debug|Any CPU.Build.0 = Debug|Any CPU
		{23CBDB7E-E5C1-4E41-A997-D32DDF78AABF}.Debug|x64.ActiveCfg = Debug|Any CPU
		{23CBDB7E-E5C1-4E41-A997-D32DDF78AABF}.Debug|x64.Build.0 = Debug|Any CPU
		{23CBDB7E-E5C1-4E41-A997-D32DDF78AABF}.Debug|x86.ActiveCfg = Debug|Any CPU
		{23CBDB7E-E5C1-4E41-A997-D32DDF78AABF}.Debug|x86.Build.0 = Debug|Any CPU
		{23CBDB7E-E5C1-4E41-A997-D32DDF78AABF}.DVD-5|Any CPU.ActiveCfg = Debug|Any CPU
		{23CBDB7E-E5C1-4E41-A997-D32DDF78AABF}.DVD-5|Any CPU.Build.0 = Debug|Any CPU
		{23CBDB7E-E5C1-4E41-A997-D32DDF78AABF}.DVD-5|x64.ActiveCfg = Debug|Any CPU
		{23CBDB7E-E5C1-4E41-A997-D32DDF78AABF}.DVD-5|x64.Build.0 = Debug|Any CPU
		{23CBDB7E-E5C1-4E41-A997-D32DDF78AABF}.DVD-5|x86.ActiveCfg = Debug|Any CPU
		{23CBDB7E-E5C1-4E41-A997-D32DDF78AABF}.DVD-5|x86.Build.0 = Debug|Any CPU
		{23CBDB7E-E5C1-4E41-A997-D32DDF78AABF}.Profess|Any CPU.ActiveCfg = Profess|Any CPU
		{23CBDB7E-E5C1-4E41-A997-D32DDF78AABF}.Profess|Any CPU.Build.0 = Profess|Any CPU
		{23CBDB7E-E5C1-4E41-A997-D32DDF78AABF}.Profess|x64.ActiveCfg = Profess|Any CPU
		{23CBDB7E-E5C1-4E41-A997-D32DDF78AABF}.Profess|x64.Build.0 = Profess|Any CPU
		{23CBDB7E-E5C1-4E41-A997-D32DDF78AABF}.Profess|x86.ActiveCfg = Profess|Any CPU
		{23CBDB7E-E5C1-4E41-A997-D32DDF78AABF}.Profess|x86.Build.0 = Profess|Any CPU
		{23CBDB7E-E5C1-4E41-A997-D32DDF78AABF}.Release|Any CPU.ActiveCfg = Release|Any CPU
		{23CBDB7E-E5C1-4E41-A997-D32DDF78AABF}.Release|Any CPU.Build.0 = Release|Any CPU
		{23CBDB7E-E5C1-4E41-A997-D32DDF78AABF}.Release|x64.ActiveCfg = Release|Any CPU
		{23CBDB7E-E5C1-4E41-A997-D32DDF78AABF}.Release|x64.Build.0 = Release|Any CPU
		{23CBDB7E-E5C1-4E41-A997-D32DDF78AABF}.Release|x86.ActiveCfg = Release|Any CPU
		{23CBDB7E-E5C1-4E41-A997-D32DDF78AABF}.Release|x86.Build.0 = Release|Any CPU
		{23CBDB7E-E5C1-4E41-A997-D32DDF78AABF}.SingleImage|Any CPU.ActiveCfg = Profess|Any CPU
		{23CBDB7E-E5C1-4E41-A997-D32DDF78AABF}.SingleImage|Any CPU.Build.0 = Profess|Any CPU
		{23CBDB7E-E5C1-4E41-A997-D32DDF78AABF}.SingleImage|x64.ActiveCfg = Profess|Any CPU
		{23CBDB7E-E5C1-4E41-A997-D32DDF78AABF}.SingleImage|x64.Build.0 = Profess|Any CPU
		{23CBDB7E-E5C1-4E41-A997-D32DDF78AABF}.SingleImage|x86.ActiveCfg = Profess|Any CPU
		{23CBDB7E-E5C1-4E41-A997-D32DDF78AABF}.SingleImage|x86.Build.0 = Profess|Any CPU
		{4F8B0386-267E-4174-80EC-0B2D0912AC14}.CD_ROM|Any CPU.ActiveCfg = Debug|Any CPU
		{4F8B0386-267E-4174-80EC-0B2D0912AC14}.CD_ROM|Any CPU.Build.0 = Debug|Any CPU
		{4F8B0386-267E-4174-80EC-0B2D0912AC14}.CD_ROM|x64.ActiveCfg = Debug|Any CPU
		{4F8B0386-267E-4174-80EC-0B2D0912AC14}.CD_ROM|x64.Build.0 = Debug|Any CPU
		{4F8B0386-267E-4174-80EC-0B2D0912AC14}.CD_ROM|x86.ActiveCfg = Debug|Any CPU
		{4F8B0386-267E-4174-80EC-0B2D0912AC14}.CD_ROM|x86.Build.0 = Debug|Any CPU
		{4F8B0386-267E-4174-80EC-0B2D0912AC14}.Debug|Any CPU.ActiveCfg = Debug|Any CPU
		{4F8B0386-267E-4174-80EC-0B2D0912AC14}.Debug|Any CPU.Build.0 = Debug|Any CPU
		{4F8B0386-267E-4174-80EC-0B2D0912AC14}.Debug|x64.ActiveCfg = Debug|Any CPU
		{4F8B0386-267E-4174-80EC-0B2D0912AC14}.Debug|x64.Build.0 = Debug|Any CPU
		{4F8B0386-267E-4174-80EC-0B2D0912AC14}.Debug|x86.ActiveCfg = Debug|Any CPU
		{4F8B0386-267E-4174-80EC-0B2D0912AC14}.Debug|x86.Build.0 = Debug|Any CPU
		{4F8B0386-267E-4174-80EC-0B2D0912AC14}.DVD-5|Any CPU.ActiveCfg = Debug|Any CPU
		{4F8B0386-267E-4174-80EC-0B2D0912AC14}.DVD-5|Any CPU.Build.0 = Debug|Any CPU
		{4F8B0386-267E-4174-80EC-0B2D0912AC14}.DVD-5|x64.ActiveCfg = Debug|Any CPU
		{4F8B0386-267E-4174-80EC-0B2D0912AC14}.DVD-5|x64.Build.0 = Debug|Any CPU
		{4F8B0386-267E-4174-80EC-0B2D0912AC14}.DVD-5|x86.ActiveCfg = Debug|Any CPU
		{4F8B0386-267E-4174-80EC-0B2D0912AC14}.DVD-5|x86.Build.0 = Debug|Any CPU
		{4F8B0386-267E-4174-80EC-0B2D0912AC14}.Profess|Any CPU.ActiveCfg = Debug|Any CPU
		{4F8B0386-267E-4174-80EC-0B2D0912AC14}.Profess|Any CPU.Build.0 = Debug|Any CPU
		{4F8B0386-267E-4174-80EC-0B2D0912AC14}.Profess|x64.ActiveCfg = Debug|Any CPU
		{4F8B0386-267E-4174-80EC-0B2D0912AC14}.Profess|x64.Build.0 = Debug|Any CPU
		{4F8B0386-267E-4174-80EC-0B2D0912AC14}.Profess|x86.ActiveCfg = Debug|Any CPU
		{4F8B0386-267E-4174-80EC-0B2D0912AC14}.Profess|x86.Build.0 = Debug|Any CPU
		{4F8B0386-267E-4174-80EC-0B2D0912AC14}.Release|Any CPU.ActiveCfg = Release|Any CPU
		{4F8B0386-267E-4174-80EC-0B2D0912AC14}.Release|Any CPU.Build.0 = Release|Any CPU
		{4F8B0386-267E-4174-80EC-0B2D0912AC14}.Release|x64.ActiveCfg = Release|Any CPU
		{4F8B0386-267E-4174-80EC-0B2D0912AC14}.Release|x64.Build.0 = Release|Any CPU
		{4F8B0386-267E-4174-80EC-0B2D0912AC14}.Release|x86.ActiveCfg = Release|Any CPU
		{4F8B0386-267E-4174-80EC-0B2D0912AC14}.Release|x86.Build.0 = Release|Any CPU
		{4F8B0386-267E-4174-80EC-0B2D0912AC14}.SingleImage|Any CPU.ActiveCfg = Debug|Any CPU
		{4F8B0386-267E-4174-80EC-0B2D0912AC14}.SingleImage|Any CPU.Build.0 = Debug|Any CPU
		{4F8B0386-267E-4174-80EC-0B2D0912AC14}.SingleImage|x64.ActiveCfg = Debug|Any CPU
		{4F8B0386-267E-4174-80EC-0B2D0912AC14}.SingleImage|x64.Build.0 = Debug|Any CPU
		{4F8B0386-267E-4174-80EC-0B2D0912AC14}.SingleImage|x86.ActiveCfg = Debug|Any CPU
		{4F8B0386-267E-4174-80EC-0B2D0912AC14}.SingleImage|x86.Build.0 = Debug|Any CPU
	EndGlobalSection
	GlobalSection(SolutionProperties) = preSolution
		HideSolutionNode = FALSE
	EndGlobalSection
	GlobalSection(NestedProjects) = preSolution
		{D55756CC-6CDE-4CD0-8AB6-7917524A5F6A} = {24EFB4A2-C296-4896-A1D7-626388F94789}
		{A353D88B-26A6-4267-A1F2-A23092F14DCD} = {24EFB4A2-C296-4896-A1D7-626388F94789}
		{F093B1D0-9B84-43B1-9B93-D943DC9AD218} = {24EFB4A2-C296-4896-A1D7-626388F94789}
		{460F98AF-795B-4B4B-896B-BCEBBE2560DC} = {24EFB4A2-C296-4896-A1D7-626388F94789}
		{CF131017-38DB-4BC4-B079-265B48BF526F} = {24EFB4A2-C296-4896-A1D7-626388F94789}
		{D65A1B56-09D7-452B-BE5D-FBFC3A9CBCBD} = {24EFB4A2-C296-4896-A1D7-626388F94789}
		{677056CC-3A5F-42EB-A9AB-9B8BCA69866D} = {24EFB4A2-C296-4896-A1D7-626388F94789}
		{A93EEAD3-814A-4774-9881-F4BC98CA57D6} = {24EFB4A2-C296-4896-A1D7-626388F94789}
		{BB21EBF7-A267-4E90-B846-C5E0FD1F68C1} = {24EFB4A2-C296-4896-A1D7-626388F94789}
		{840C1D5C-246C-4EEA-A52E-C7689CC85D9B} = {24EFB4A2-C296-4896-A1D7-626388F94789}
		{F1944F74-5A8E-429A-81F3-E1708090F12B} = {BFEDCA95-F34C-438E-B97E-582E26C34AA2}
		{4CBE86DA-A327-4226-A61E-5FBAA0C5C6B1} = {AA18DB50-9666-45C7-8ABB-69A69755CB39}
		{A9D96555-4305-4056-A8B1-FBF0D64A671B} = {0E20B843-73B2-4FF2-A568-A9FE15737EB6}
		{93B48914-A588-4096-9907-4EC60D371BC8} = {89337C10-B357-40DF-BD56-99695440471A}
		{1B2EF7AB-81B3-4563-A30A-593B145ECA04} = {8942D958-1F2D-49F2-B41A-C159D587A14F}
		{9D8BD1AB-7DB1-4571-90A9-4F40A1ED8C45} = {8942D958-1F2D-49F2-B41A-C159D587A14F}
		{23CBDB7E-E5C1-4E41-A997-D32DDF78AABF} = {9131E28D-ACE5-448F-A5B9-912A141E1287}
		{4F8B0386-267E-4174-80EC-0B2D0912AC14} = {8942D958-1F2D-49F2-B41A-C159D587A14F}
	EndGlobalSection
	GlobalSection(ExtensibilityGlobals) = postSolution
		VisualSVNWorkingCopyRoot = ..\..\..\controlfor\ControlFor_V5.0
	EndGlobalSection
EndGlobal
